PODS:
  - Capable/Colors (1.1.4)
  - CommonDataModelsKit-iOS (1.0.31)
  - Flurry-iOS-SDK/FlurryAds (10.3.4):
    - Flurry-iOS-SDK/FlurrySDK (~> 10.3.4)
  - Flurry-iOS-SDK/FlurrySDK (10.3.4)
  - LocalisationManagerKit-iOS (1.0.2)
  - McPicker (2.0.1)
  - MOLH (1.4.1)
  - Nuke (9.1.1)
  - PayCardsRecognizer (1.1.7)
  - PullUpController (0.8.0)
  - RxCocoa (5.1.1):
    - RxRelay (~> 5)
    - RxSwift (~> 5)
  - RxRelay (5.1.1):
    - RxSwift (~> 5)
  - RxSwift (5.1.1)
  - SheetyColors (1.2.0):
    - Capable/Colors (~> 1.1)
  - SimpleAnimation (0.4.2)
  - SnapKit (5.0.1)
  - TapApplePayKit-iOS (1.0.4):
    - CommonDataModelsKit-iOS (~> 1.0.1)
    - Flurry-iOS-SDK/FlurrySDK
  - TapCardInputKit-iOS (1.0.19):
    - CommonDataModelsKit-iOS
    - Flurry-iOS-SDK/FlurrySDK
    - LocalisationManagerKit-iOS
    - MOLH
    - Nuke
    - SnapKit
    - TapCardVlidatorKit-iOS
    - TapThemeManager2020
  - TapCardScanner-iOS (1.0.8):
    - CommonDataModelsKit-iOS (~> 1.0.1)
    - Flurry-iOS-SDK/FlurryAds
    - Flurry-iOS-SDK/FlurrySDK
    - PayCardsRecognizer (~> 1.1.7)
  - TapCardVlidatorKit-iOS (1.0.10)
  - TapFontKit-iOS (0.0.6):
    - TapSwiftFixes
  - TapSwiftFixes (1.0.9):
    - TapSwiftFixes/CoreGraphics (= 1.0.9)
    - TapSwiftFixes/Exceptions (= 1.0.9)
    - TapSwiftFixes/Threading (= 1.0.9)
  - TapSwiftFixes/CoreGraphics (1.0.9)
  - TapSwiftFixes/Exceptions (1.0.9)
  - TapSwiftFixes/Threading (1.0.9)
  - TapThemeManager2020 (1.0.41):
    - LocalisationManagerKit-iOS
    - TapFontKit-iOS

DEPENDENCIES:
  - CommonDataModelsKit-iOS
  - LocalisationManagerKit-iOS
  - McPicker
  - MOLH
  - Nuke
  - PullUpController
  - RxCocoa
  - RxSwift
  - SheetyColors
  - SimpleAnimation
  - SnapKit
  - TapApplePayKit-iOS
  - TapCardInputKit-iOS
  - TapCardScanner-iOS
  - TapCardVlidatorKit-iOS
  - TapThemeManager2020

SPEC REPOS:
  trunk:
    - Capable
    - CommonDataModelsKit-iOS
    - Flurry-iOS-SDK
    - LocalisationManagerKit-iOS
    - McPicker
    - MOLH
    - Nuke
    - PayCardsRecognizer
    - PullUpController
    - RxCocoa
    - RxRelay
    - RxSwift
    - SheetyColors
    - SimpleAnimation
    - SnapKit
    - TapApplePayKit-iOS
    - TapCardInputKit-iOS
    - TapCardScanner-iOS
    - TapCardVlidatorKit-iOS
    - TapFontKit-iOS
    - TapSwiftFixes
    - TapThemeManager2020

SPEC CHECKSUMS:
  Capable: 9f420f2a80a12144814ea2f0ba196516a0827ca1
  CommonDataModelsKit-iOS: 4b1a33cd07686bcd8117f1f1ebe18373bda16af5
  Flurry-iOS-SDK: e6f44e2aeb389d93b874483555a5e8f0cfd42ea2
  LocalisationManagerKit-iOS: cd702915c67faba899d4613d44ceb00cefccec6e
  McPicker: a0a6b8ece8f1642e05401a29867463aba501188b
  MOLH: 9ea6c0390f5963b2df9827ae64035fbc8598b092
  Nuke: af4301b154d3afd8a3b045a5194a9a773a00b7a8
  PayCardsRecognizer: 2e4d1b2fdd5f1528fb56064a91e1d58a1af7a2db
  PullUpController: 2f7ccaa0f35b31b47e3efbe1854c7f781552b3c7
  RxCocoa: 32065309a38d29b5b0db858819b5bf9ef038b601
  RxRelay: d77f7d771495f43c556cbc43eebd1bb54d01e8e9
  RxSwift: 81470a2074fa8780320ea5fe4102807cb7118178
  SheetyColors: 8dc64a666415be8a81df3c5d44b9088d6f8bee2e
  SimpleAnimation: 5430010b9548f392e7459290acce01c9ceba7171
  SnapKit: 97b92857e3df3a0c71833cce143274bf6ef8e5eb
  TapApplePayKit-iOS: 65ce3416d617a28a0d70726810e6b49402ed192c
  TapCardInputKit-iOS: 92d3999c36deb8291e62806f7b1aacf8b1b66b8b
  TapCardScanner-iOS: f527dde128422344f7a2b0a17c3c382a599a4825
  TapCardVlidatorKit-iOS: c01f364a9d6ac8cf82bbdeb73e409eb3026da035
  TapFontKit-iOS: 0c6ce54ee313299b7d5cc7adf18ac5ed84f61f91
  TapSwiftFixes: db2aeb21942dd81ee051a31ed319dab0d03547a2
  TapThemeManager2020: 3646eb60b0eb97b99f1be708c2cf58199e58f7a1

PODFILE CHECKSUM: c5c95c3764477c3cd68efe44aa7556b5599639d1

COCOAPODS: 1.9.3
