PODS:
  - Capable/Colors (1.1.4)
  - CocoaLumberjack (3.7.2):
    - CocoaLumberjack/Core (= 3.7.2)
  - CocoaLumberjack/Core (3.7.2)
  - CommonDataModelsKit-iOS (1.0.39):
    - TapAdditionsKitV2
  - LocalisationManagerKit-iOS (1.0.2)
  - McPicker (3.0.0)
  - MOLH (1.4.3)
  - Nuke (9.5.0)
  - PayCardsRecognizer (1.1.7)
  - PullUpController (0.8.0)
  - SDWebImage/Core (5.11.1)
  - SDWebImageSVGKitPlugin (1.3.0):
    - SDWebImage/Core (~> 5.10)
    - SVGKit (>= 2.1)
  - SheetyColors (1.2.1):
    - Capable/Colors (~> 1.1)
  - SimpleAnimation (0.4.2)
  - SnapKit (5.0.1)
  - SVGKit (3.0.0):
    - CocoaLumberjack (~> 3.0)
  - TapAdditionsKitV2 (0.0.8):
    - TapSwiftFixesV2
  - TapApplePayKit-iOS (1.0.5):
    - CommonDataModelsKit-iOS (~> 1.0.1)
  - TapCardInputKit-iOS (1.0.23):
    - CommonDataModelsKit-iOS
    - LocalisationManagerKit-iOS
    - MOLH
    - Nuke
    - SnapKit
    - TapCardVlidatorKit-iOS
    - TapThemeManager2020
  - TapCardScanner-iOS (1.0.11):
    - CommonDataModelsKit-iOS (~> 1.0.1)
    - PayCardsRecognizer (~> 1.1.7)
  - TapCardVlidatorKit-iOS (1.0.11)
  - TapFontKit-iOS (0.0.8):
    - TapSwiftFixes
  - TapSwiftFixes (1.0.9):
    - TapSwiftFixes/CoreGraphics (= 1.0.9)
    - TapSwiftFixes/Exceptions (= 1.0.9)
    - TapSwiftFixes/Threading (= 1.0.9)
  - TapSwiftFixes/CoreGraphics (1.0.9)
  - TapSwiftFixes/Exceptions (1.0.9)
  - TapSwiftFixes/Threading (1.0.9)
  - TapSwiftFixesV2 (1.0.0):
    - TapSwiftFixesV2/CoreGraphics (= 1.0.0)
    - TapSwiftFixesV2/Exceptions (= 1.0.0)
    - TapSwiftFixesV2/Threading (= 1.0.0)
  - TapSwiftFixesV2/CoreGraphics (1.0.0)
  - TapSwiftFixesV2/Exceptions (1.0.0)
  - TapSwiftFixesV2/Threading (1.0.0)
  - TapThemeManager2020 (1.0.46):
    - LocalisationManagerKit-iOS
    - TapFontKit-iOS

DEPENDENCIES:
  - CommonDataModelsKit-iOS
  - LocalisationManagerKit-iOS
  - McPicker
  - MOLH
  - Nuke
  - PullUpController
  - SDWebImageSVGKitPlugin
  - SheetyColors
  - SimpleAnimation
  - SnapKit
  - TapApplePayKit-iOS
  - TapCardInputKit-iOS
  - TapCardScanner-iOS
  - TapCardVlidatorKit-iOS
  - TapThemeManager2020

SPEC REPOS:
  trunk:
    - Capable
    - CocoaLumberjack
    - CommonDataModelsKit-iOS
    - LocalisationManagerKit-iOS
    - McPicker
    - MOLH
    - Nuke
    - PayCardsRecognizer
    - PullUpController
    - SDWebImage
    - SDWebImageSVGKitPlugin
    - SheetyColors
    - SimpleAnimation
    - SnapKit
    - SVGKit
    - TapAdditionsKitV2
    - TapApplePayKit-iOS
    - TapCardInputKit-iOS
    - TapCardScanner-iOS
    - TapCardVlidatorKit-iOS
    - TapFontKit-iOS
    - TapSwiftFixes
    - TapSwiftFixesV2
    - TapThemeManager2020

SPEC CHECKSUMS:
  Capable: 9f420f2a80a12144814ea2f0ba196516a0827ca1
  CocoaLumberjack: b7e05132ff94f6ae4dfa9d5bce9141893a21d9da
  CommonDataModelsKit-iOS: 68cbbeb6deba089aefe4be1fd1613354b2c0e7a9
  LocalisationManagerKit-iOS: cd702915c67faba899d4613d44ceb00cefccec6e
  McPicker: ba38be56a8194faa5249eca4226c364eed628044
  MOLH: e45827d200aeb1310641090fd8cd03ad2b42ae72
  Nuke: 6f400a4ea957e09149ec335a3c6acdcc814d89e4
  PayCardsRecognizer: 2e4d1b2fdd5f1528fb56064a91e1d58a1af7a2db
  PullUpController: 2f7ccaa0f35b31b47e3efbe1854c7f781552b3c7
  SDWebImage: a7f831e1a65eb5e285e3fb046a23fcfbf08e696d
  SDWebImageSVGKitPlugin: 8797e1c9b9baf80bd50d28e673e16a12359af1c9
  SheetyColors: a0273d30ec5ee02536bb43960ba36d58619ae719
  SimpleAnimation: 5430010b9548f392e7459290acce01c9ceba7171
  SnapKit: 97b92857e3df3a0c71833cce143274bf6ef8e5eb
  SVGKit: 1ad7513f8c74d9652f94ed64ddecda1a23864dea
  TapAdditionsKitV2: ba369802e9575c3475ce6d5af228cf60c68edfc9
  TapApplePayKit-iOS: 3dfb3c8155cdf393ef3f00640a317c5147749306
  TapCardInputKit-iOS: 26c52bde9285c79e1a58144c67dd45dde2a010df
  TapCardScanner-iOS: 3edd14a48acce8e9e663a816f5e1b146b668aadd
  TapCardVlidatorKit-iOS: ebdd38a2bef618f9eb09dc909d7bd6fcfdfd56c2
  TapFontKit-iOS: 2cd57d5eb22d2b85872039d317ce4d96e9efbb2e
  TapSwiftFixes: db2aeb21942dd81ee051a31ed319dab0d03547a2
  TapSwiftFixesV2: a8623a7273c6790b9754ec7e272e96fce7d3a800
  TapThemeManager2020: 3a642e05b2868f613ffb0623725ea5a6a0fa71c5

PODFILE CHECKSUM: 1a7f234502b8558562c45d554268edaa1afa9cc8

COCOAPODS: 1.10.1
