// !$*UTF8*$!
{
	archiveVersion = 1;
	classes = {
	};
	objectVersion = 51;
	objects = {

/* Begin PBXBuildFile section */
		787453BF44F27DA80BB187B5 /* Pods_TapUIKit_Example.framework in Frameworks */ = {isa = PBXBuildFile; fileRef = CE5C8E08297E9489C1273CA2 /* Pods_TapUIKit_Example.framework */; };
		E835ADB4245850E700E55A68 /* GoogleService-Info.plist in Resources */ = {isa = PBXBuildFile; fileRef = E835ADB3245850E700E55A68 /* GoogleService-Info.plist */; };
		E835ADBA24597B0500E55A68 /* TapCellViewModel.swift in Sources */ = {isa = PBXBuildFile; fileRef = E835ADB924597B0500E55A68 /* TapCellViewModel.swift */; };
		E835ADBC24597B6300E55A68 /* TapCardRecentCardCellViewModel.swift in Sources */ = {isa = PBXBuildFile; fileRef = E835ADBB24597B6300E55A68 /* TapCardRecentCardCellViewModel.swift */; };
		E835ADBE24597F2F00E55A68 /* TapChipCellViewModel.swift in Sources */ = {isa = PBXBuildFile; fileRef = E835ADBD24597F2F00E55A68 /* TapChipCellViewModel.swift */; };
		E835ADC02459808700E55A68 /* TapGoPayCellViewModel.swift in Sources */ = {isa = PBXBuildFile; fileRef = E835ADBF2459808700E55A68 /* TapGoPayCellViewModel.swift */; };
		E835ADC22459815D00E55A68 /* tapLogo.png in Resources */ = {isa = PBXBuildFile; fileRef = E835ADC12459815D00E55A68 /* tapLogo.png */; };
		E8428DE72456DAF300D5A45A /* TapUIKit_iOS.h in Headers */ = {isa = PBXBuildFile; fileRef = E8428DE52456DAF300D5A45A /* TapUIKit_iOS.h */; settings = {ATTRIBUTES = (Public, ); }; };
		E8428DF42456DB3200D5A45A /* AppDelegate.swift in Sources */ = {isa = PBXBuildFile; fileRef = E8428DF32456DB3200D5A45A /* AppDelegate.swift */; };
		E8428DF62456DB3200D5A45A /* SceneDelegate.swift in Sources */ = {isa = PBXBuildFile; fileRef = E8428DF52456DB3200D5A45A /* SceneDelegate.swift */; };
		E8428DF82456DB3200D5A45A /* ViewController.swift in Sources */ = {isa = PBXBuildFile; fileRef = E8428DF72456DB3200D5A45A /* ViewController.swift */; };
		E8428DFB2456DB3200D5A45A /* Main.storyboard in Resources */ = {isa = PBXBuildFile; fileRef = E8428DF92456DB3200D5A45A /* Main.storyboard */; };
		E8428DFD2456DB3200D5A45A /* Assets.xcassets in Resources */ = {isa = PBXBuildFile; fileRef = E8428DFC2456DB3200D5A45A /* Assets.xcassets */; };
		E8428E002456DB3200D5A45A /* LaunchScreen.storyboard in Resources */ = {isa = PBXBuildFile; fileRef = E8428DFE2456DB3200D5A45A /* LaunchScreen.storyboard */; };
		E8428E0B2456F76A00D5A45A /* TapChip.swift in Sources */ = {isa = PBXBuildFile; fileRef = E8428E0A2456F76A00D5A45A /* TapChip.swift */; };
		E8428E0D2457F2C500D5A45A /* TapChipAccessoryView.swift in Sources */ = {isa = PBXBuildFile; fileRef = E8428E0C2457F2C500D5A45A /* TapChipAccessoryView.swift */; };
		E8428E102457F8D900D5A45A /* TapUIExtensions.swift in Sources */ = {isa = PBXBuildFile; fileRef = E8428E0F2457F8D900D5A45A /* TapUIExtensions.swift */; };
		E8428E142457FDFC00D5A45A /* DefaultDarkTheme.json in Resources */ = {isa = PBXBuildFile; fileRef = E8428E122457FDFC00D5A45A /* DefaultDarkTheme.json */; };
		E8428E152457FDFC00D5A45A /* DefaultLightTheme.json in Resources */ = {isa = PBXBuildFile; fileRef = E8428E132457FDFC00D5A45A /* DefaultLightTheme.json */; };
		E8428E1C2458209400D5A45A /* TapUIKit_iOS.framework in Frameworks */ = {isa = PBXBuildFile; fileRef = E8428DE22456DAF300D5A45A /* TapUIKit_iOS.framework */; };
		E8428E1D2458209400D5A45A /* TapUIKit_iOS.framework in Embed Frameworks */ = {isa = PBXBuildFile; fileRef = E8428DE22456DAF300D5A45A /* TapUIKit_iOS.framework */; settings = {ATTRIBUTES = (RemoveHeadersOnCopy, ); }; };
		E8428E21245820EF00D5A45A /* Pods_TapUIKit_iOS.framework in Frameworks */ = {isa = PBXBuildFile; fileRef = CBC2C75F993AE43B35B60D62 /* Pods_TapUIKit_iOS.framework */; };
		E8428E22245820EF00D5A45A /* Pods_TapUIKit_iOS.framework in Embed Frameworks */ = {isa = PBXBuildFile; fileRef = CBC2C75F993AE43B35B60D62 /* Pods_TapUIKit_iOS.framework */; settings = {ATTRIBUTES = (RemoveHeadersOnCopy, ); }; };
		E8428E2524583B0900D5A45A /* TapChipExampleViewController.swift in Sources */ = {isa = PBXBuildFile; fileRef = E8428E2424583B0900D5A45A /* TapChipExampleViewController.swift */; };
		E879885F245EA92000D643A2 /* TapRecentCardsViewExampleViewController.swift in Sources */ = {isa = PBXBuildFile; fileRef = E879885E245EA92000D643A2 /* TapRecentCardsViewExampleViewController.swift */; };
		E8AE0DEA245AEC79007AAE1F /* TapRecentCardsExampleViewController.swift in Sources */ = {isa = PBXBuildFile; fileRef = E8AE0DE9245AEC79007AAE1F /* TapRecentCardsExampleViewController.swift */; };
		E8AE0DF1245AFED3007AAE1F /* TapGoPayCollectionViewCell.swift in Sources */ = {isa = PBXBuildFile; fileRef = E8AE0DEF245AFED3007AAE1F /* TapGoPayCollectionViewCell.swift */; };
		E8AE0DF2245AFED3007AAE1F /* TapGoPayCollectionViewCell.xib in Resources */ = {isa = PBXBuildFile; fileRef = E8AE0DF0245AFED3007AAE1F /* TapGoPayCollectionViewCell.xib */; };
		E8AE0DF5245B0160007AAE1F /* TapRecentCardCollectionViewCell.swift in Sources */ = {isa = PBXBuildFile; fileRef = E8AE0DF3245B0160007AAE1F /* TapRecentCardCollectionViewCell.swift */; };
		E8AE0DF6245B0160007AAE1F /* TapRecentCardCollectionViewCell.xib in Resources */ = {isa = PBXBuildFile; fileRef = E8AE0DF4245B0160007AAE1F /* TapRecentCardCollectionViewCell.xib */; };
		E8AE0DFB245B1073007AAE1F /* TapSeparatorCollectionViewCell.swift in Sources */ = {isa = PBXBuildFile; fileRef = E8AE0DF9245B1073007AAE1F /* TapSeparatorCollectionViewCell.swift */; };
		E8AE0DFC245B1073007AAE1F /* TapSeparatorCollectionViewCell.xib in Resources */ = {isa = PBXBuildFile; fileRef = E8AE0DFA245B1073007AAE1F /* TapSeparatorCollectionViewCell.xib */; };
		E8AE0DFE245B10C0007AAE1F /* TapSeparatorViewModel.swift in Sources */ = {isa = PBXBuildFile; fileRef = E8AE0DFD245B10C0007AAE1F /* TapSeparatorViewModel.swift */; };
		E8AE0E00245B620F007AAE1F /* separator.png in Resources */ = {isa = PBXBuildFile; fileRef = E8AE0DFF245B620F007AAE1F /* separator.png */; };
		E8ECF5A3245EA06900C88BE0 /* TapRecentCardsView.swift in Sources */ = {isa = PBXBuildFile; fileRef = E8ECF5A2245EA06900C88BE0 /* TapRecentCardsView.swift */; };
		E8ED3105245AD90200A62D09 /* TapCellConfiguration.swift in Sources */ = {isa = PBXBuildFile; fileRef = E8ED3104245AD90200A62D09 /* TapCellConfiguration.swift */; };
		E8ED310A245AD9FA00A62D09 /* TapRecentCollectionView.swift in Sources */ = {isa = PBXBuildFile; fileRef = E8ED3109245AD9FA00A62D09 /* TapRecentCollectionView.swift */; };
		E8ED310D245ADA2D00A62D09 /* TapCardsCollectionViewModel.swift in Sources */ = {isa = PBXBuildFile; fileRef = E8ED310C245ADA2D00A62D09 /* TapCardsCollectionViewModel.swift */; };
/* End PBXBuildFile section */

/* Begin PBXContainerItemProxy section */
		E8428E1E2458209400D5A45A /* PBXContainerItemProxy */ = {
			isa = PBXContainerItemProxy;
			containerPortal = E8428DD92456DAF300D5A45A /* Project object */;
			proxyType = 1;
			remoteGlobalIDString = E8428DE12456DAF300D5A45A;
			remoteInfo = "TapUIKit-iOS";
		};
/* End PBXContainerItemProxy section */

/* Begin PBXCopyFilesBuildPhase section */
		E8428E202458209400D5A45A /* Embed Frameworks */ = {
			isa = PBXCopyFilesBuildPhase;
			buildActionMask = 2147483647;
			dstPath = "";
			dstSubfolderSpec = 10;
			files = (
				E8428E1D2458209400D5A45A /* TapUIKit_iOS.framework in Embed Frameworks */,
			);
			name = "Embed Frameworks";
			runOnlyForDeploymentPostprocessing = 0;
		};
		E8428E23245820EF00D5A45A /* Embed Frameworks */ = {
			isa = PBXCopyFilesBuildPhase;
			buildActionMask = 2147483647;
			dstPath = "";
			dstSubfolderSpec = 10;
			files = (
				E8428E22245820EF00D5A45A /* Pods_TapUIKit_iOS.framework in Embed Frameworks */,
			);
			name = "Embed Frameworks";
			runOnlyForDeploymentPostprocessing = 0;
		};
/* End PBXCopyFilesBuildPhase section */

/* Begin PBXFileReference section */
		6F53A5AEE68D2884AE702993 /* Pods-TapUIKit-iOS.debug.xcconfig */ = {isa = PBXFileReference; includeInIndex = 1; lastKnownFileType = text.xcconfig; name = "Pods-TapUIKit-iOS.debug.xcconfig"; path = "Target Support Files/Pods-TapUIKit-iOS/Pods-TapUIKit-iOS.debug.xcconfig"; sourceTree = "<group>"; };
		CBC2C75F993AE43B35B60D62 /* Pods_TapUIKit_iOS.framework */ = {isa = PBXFileReference; explicitFileType = wrapper.framework; includeInIndex = 0; path = Pods_TapUIKit_iOS.framework; sourceTree = BUILT_PRODUCTS_DIR; };
		CE5C8E08297E9489C1273CA2 /* Pods_TapUIKit_Example.framework */ = {isa = PBXFileReference; explicitFileType = wrapper.framework; includeInIndex = 0; path = Pods_TapUIKit_Example.framework; sourceTree = BUILT_PRODUCTS_DIR; };
		DC9E6344249A1CA65DA9FC2F /* Pods-TapUIKit-Example.debug.xcconfig */ = {isa = PBXFileReference; includeInIndex = 1; lastKnownFileType = text.xcconfig; name = "Pods-TapUIKit-Example.debug.xcconfig"; path = "Target Support Files/Pods-TapUIKit-Example/Pods-TapUIKit-Example.debug.xcconfig"; sourceTree = "<group>"; };
		DF4C0BAE4F2FB5B88BFD1BD6 /* Pods-TapUIKit-iOS.release.xcconfig */ = {isa = PBXFileReference; includeInIndex = 1; lastKnownFileType = text.xcconfig; name = "Pods-TapUIKit-iOS.release.xcconfig"; path = "Target Support Files/Pods-TapUIKit-iOS/Pods-TapUIKit-iOS.release.xcconfig"; sourceTree = "<group>"; };
		E835ADB3245850E700E55A68 /* GoogleService-Info.plist */ = {isa = PBXFileReference; fileEncoding = 4; lastKnownFileType = text.plist.xml; path = "GoogleService-Info.plist"; sourceTree = "<group>"; };
		E835ADB924597B0500E55A68 /* TapCellViewModel.swift */ = {isa = PBXFileReference; lastKnownFileType = sourcecode.swift; path = TapCellViewModel.swift; sourceTree = "<group>"; };
		E835ADBB24597B6300E55A68 /* TapCardRecentCardCellViewModel.swift */ = {isa = PBXFileReference; lastKnownFileType = sourcecode.swift; path = TapCardRecentCardCellViewModel.swift; sourceTree = "<group>"; };
		E835ADBD24597F2F00E55A68 /* TapChipCellViewModel.swift */ = {isa = PBXFileReference; lastKnownFileType = sourcecode.swift; path = TapChipCellViewModel.swift; sourceTree = "<group>"; };
		E835ADBF2459808700E55A68 /* TapGoPayCellViewModel.swift */ = {isa = PBXFileReference; lastKnownFileType = sourcecode.swift; path = TapGoPayCellViewModel.swift; sourceTree = "<group>"; };
		E835ADC12459815D00E55A68 /* tapLogo.png */ = {isa = PBXFileReference; lastKnownFileType = image.png; path = tapLogo.png; sourceTree = "<group>"; };
		E8428DE22456DAF300D5A45A /* TapUIKit_iOS.framework */ = {isa = PBXFileReference; explicitFileType = wrapper.framework; includeInIndex = 0; path = TapUIKit_iOS.framework; sourceTree = BUILT_PRODUCTS_DIR; };
		E8428DE52456DAF300D5A45A /* TapUIKit_iOS.h */ = {isa = PBXFileReference; lastKnownFileType = sourcecode.c.h; path = TapUIKit_iOS.h; sourceTree = "<group>"; };
		E8428DE62456DAF300D5A45A /* Info.plist */ = {isa = PBXFileReference; lastKnownFileType = text.plist.xml; path = Info.plist; sourceTree = "<group>"; };
		E8428DF12456DB3200D5A45A /* TapUIKit-Example.app */ = {isa = PBXFileReference; explicitFileType = wrapper.application; includeInIndex = 0; path = "TapUIKit-Example.app"; sourceTree = BUILT_PRODUCTS_DIR; };
		E8428DF32456DB3200D5A45A /* AppDelegate.swift */ = {isa = PBXFileReference; lastKnownFileType = sourcecode.swift; path = AppDelegate.swift; sourceTree = "<group>"; };
		E8428DF52456DB3200D5A45A /* SceneDelegate.swift */ = {isa = PBXFileReference; lastKnownFileType = sourcecode.swift; path = SceneDelegate.swift; sourceTree = "<group>"; };
		E8428DF72456DB3200D5A45A /* ViewController.swift */ = {isa = PBXFileReference; lastKnownFileType = sourcecode.swift; path = ViewController.swift; sourceTree = "<group>"; };
		E8428DFA2456DB3200D5A45A /* Base */ = {isa = PBXFileReference; lastKnownFileType = file.storyboard; name = Base; path = Base.lproj/Main.storyboard; sourceTree = "<group>"; };
		E8428DFC2456DB3200D5A45A /* Assets.xcassets */ = {isa = PBXFileReference; lastKnownFileType = folder.assetcatalog; path = Assets.xcassets; sourceTree = "<group>"; };
		E8428DFF2456DB3200D5A45A /* Base */ = {isa = PBXFileReference; lastKnownFileType = file.storyboard; name = Base; path = Base.lproj/LaunchScreen.storyboard; sourceTree = "<group>"; };
		E8428E012456DB3200D5A45A /* Info.plist */ = {isa = PBXFileReference; lastKnownFileType = text.plist.xml; path = Info.plist; sourceTree = "<group>"; };
		E8428E0A2456F76A00D5A45A /* TapChip.swift */ = {isa = PBXFileReference; lastKnownFileType = sourcecode.swift; path = TapChip.swift; sourceTree = "<group>"; };
		E8428E0C2457F2C500D5A45A /* TapChipAccessoryView.swift */ = {isa = PBXFileReference; lastKnownFileType = sourcecode.swift; path = TapChipAccessoryView.swift; sourceTree = "<group>"; };
		E8428E0F2457F8D900D5A45A /* TapUIExtensions.swift */ = {isa = PBXFileReference; lastKnownFileType = sourcecode.swift; path = TapUIExtensions.swift; sourceTree = "<group>"; };
		E8428E122457FDFC00D5A45A /* DefaultDarkTheme.json */ = {isa = PBXFileReference; fileEncoding = 4; lastKnownFileType = text.json; path = DefaultDarkTheme.json; sourceTree = "<group>"; };
		E8428E132457FDFC00D5A45A /* DefaultLightTheme.json */ = {isa = PBXFileReference; fileEncoding = 4; lastKnownFileType = text.json; path = DefaultLightTheme.json; sourceTree = "<group>"; };
		E8428E2424583B0900D5A45A /* TapChipExampleViewController.swift */ = {isa = PBXFileReference; lastKnownFileType = sourcecode.swift; path = TapChipExampleViewController.swift; sourceTree = "<group>"; };
		E879885E245EA92000D643A2 /* TapRecentCardsViewExampleViewController.swift */ = {isa = PBXFileReference; lastKnownFileType = sourcecode.swift; path = TapRecentCardsViewExampleViewController.swift; sourceTree = "<group>"; };
		E8AE0DE9245AEC79007AAE1F /* TapRecentCardsExampleViewController.swift */ = {isa = PBXFileReference; lastKnownFileType = sourcecode.swift; path = TapRecentCardsExampleViewController.swift; sourceTree = "<group>"; };
		E8AE0DEF245AFED3007AAE1F /* TapGoPayCollectionViewCell.swift */ = {isa = PBXFileReference; lastKnownFileType = sourcecode.swift; path = TapGoPayCollectionViewCell.swift; sourceTree = "<group>"; };
		E8AE0DF0245AFED3007AAE1F /* TapGoPayCollectionViewCell.xib */ = {isa = PBXFileReference; lastKnownFileType = file.xib; path = TapGoPayCollectionViewCell.xib; sourceTree = "<group>"; };
		E8AE0DF3245B0160007AAE1F /* TapRecentCardCollectionViewCell.swift */ = {isa = PBXFileReference; lastKnownFileType = sourcecode.swift; path = TapRecentCardCollectionViewCell.swift; sourceTree = "<group>"; };
		E8AE0DF4245B0160007AAE1F /* TapRecentCardCollectionViewCell.xib */ = {isa = PBXFileReference; lastKnownFileType = file.xib; path = TapRecentCardCollectionViewCell.xib; sourceTree = "<group>"; };
		E8AE0DF9245B1073007AAE1F /* TapSeparatorCollectionViewCell.swift */ = {isa = PBXFileReference; lastKnownFileType = sourcecode.swift; path = TapSeparatorCollectionViewCell.swift; sourceTree = "<group>"; };
		E8AE0DFA245B1073007AAE1F /* TapSeparatorCollectionViewCell.xib */ = {isa = PBXFileReference; lastKnownFileType = file.xib; path = TapSeparatorCollectionViewCell.xib; sourceTree = "<group>"; };
		E8AE0DFD245B10C0007AAE1F /* TapSeparatorViewModel.swift */ = {isa = PBXFileReference; lastKnownFileType = sourcecode.swift; path = TapSeparatorViewModel.swift; sourceTree = "<group>"; };
		E8AE0DFF245B620F007AAE1F /* separator.png */ = {isa = PBXFileReference; lastKnownFileType = image.png; path = separator.png; sourceTree = "<group>"; };
		E8ECF5A2245EA06900C88BE0 /* TapRecentCardsView.swift */ = {isa = PBXFileReference; lastKnownFileType = sourcecode.swift; path = TapRecentCardsView.swift; sourceTree = "<group>"; };
		E8ED3104245AD90200A62D09 /* TapCellConfiguration.swift */ = {isa = PBXFileReference; lastKnownFileType = sourcecode.swift; path = TapCellConfiguration.swift; sourceTree = "<group>"; };
		E8ED3109245AD9FA00A62D09 /* TapRecentCollectionView.swift */ = {isa = PBXFileReference; lastKnownFileType = sourcecode.swift; path = TapRecentCollectionView.swift; sourceTree = "<group>"; };
		E8ED310C245ADA2D00A62D09 /* TapCardsCollectionViewModel.swift */ = {isa = PBXFileReference; lastKnownFileType = sourcecode.swift; path = TapCardsCollectionViewModel.swift; sourceTree = "<group>"; };
		F994CF54E35C96648139E52F /* Pods-TapUIKit-Example.release.xcconfig */ = {isa = PBXFileReference; includeInIndex = 1; lastKnownFileType = text.xcconfig; name = "Pods-TapUIKit-Example.release.xcconfig"; path = "Target Support Files/Pods-TapUIKit-Example/Pods-TapUIKit-Example.release.xcconfig"; sourceTree = "<group>"; };
/* End PBXFileReference section */

/* Begin PBXFrameworksBuildPhase section */
		E8428DDF2456DAF300D5A45A /* Frameworks */ = {
			isa = PBXFrameworksBuildPhase;
			buildActionMask = 2147483647;
			files = (
				E8428E21245820EF00D5A45A /* Pods_TapUIKit_iOS.framework in Frameworks */,
			);
			runOnlyForDeploymentPostprocessing = 0;
		};
		E8428DEE2456DB3200D5A45A /* Frameworks */ = {
			isa = PBXFrameworksBuildPhase;
			buildActionMask = 2147483647;
			files = (
				787453BF44F27DA80BB187B5 /* Pods_TapUIKit_Example.framework in Frameworks */,
				E8428E1C2458209400D5A45A /* TapUIKit_iOS.framework in Frameworks */,
			);
			runOnlyForDeploymentPostprocessing = 0;
		};
/* End PBXFrameworksBuildPhase section */

/* Begin PBXGroup section */
		A1057834EC965C7C3A18355D /* Frameworks */ = {
			isa = PBXGroup;
			children = (
				CE5C8E08297E9489C1273CA2 /* Pods_TapUIKit_Example.framework */,
				CBC2C75F993AE43B35B60D62 /* Pods_TapUIKit_iOS.framework */,
			);
			name = Frameworks;
			sourceTree = "<group>";
		};
		D16D7E1C3BA1C41CC7BC3554 /* Pods */ = {
			isa = PBXGroup;
			children = (
				DC9E6344249A1CA65DA9FC2F /* Pods-TapUIKit-Example.debug.xcconfig */,
				F994CF54E35C96648139E52F /* Pods-TapUIKit-Example.release.xcconfig */,
				6F53A5AEE68D2884AE702993 /* Pods-TapUIKit-iOS.debug.xcconfig */,
				DF4C0BAE4F2FB5B88BFD1BD6 /* Pods-TapUIKit-iOS.release.xcconfig */,
			);
			path = Pods;
			sourceTree = "<group>";
		};
		E835ADB524585A7600E55A68 /* TapCollectionCell */ = {
			isa = PBXGroup;
			children = (
				E8ED3106245AD98500A62D09 /* Internal */,
			);
			path = TapCollectionCell;
			sourceTree = "<group>";
		};
		E835ADB724597A9000E55A68 /* Views */ = {
			isa = PBXGroup;
			children = (
				E8428E0A2456F76A00D5A45A /* TapChip.swift */,
				E8428E0C2457F2C500D5A45A /* TapChipAccessoryView.swift */,
			);
			path = Views;
			sourceTree = "<group>";
		};
		E835ADB824597A9900E55A68 /* ViewModels */ = {
			isa = PBXGroup;
			children = (
				E835ADB924597B0500E55A68 /* TapCellViewModel.swift */,
				E835ADBD24597F2F00E55A68 /* TapChipCellViewModel.swift */,
				E835ADBB24597B6300E55A68 /* TapCardRecentCardCellViewModel.swift */,
				E835ADBF2459808700E55A68 /* TapGoPayCellViewModel.swift */,
				E8AE0DFD245B10C0007AAE1F /* TapSeparatorViewModel.swift */,
			);
			path = ViewModels;
			sourceTree = "<group>";
		};
		E8428DD82456DAF300D5A45A = {
			isa = PBXGroup;
			children = (
				E8428DE42456DAF300D5A45A /* TapUIKit-iOS */,
				E8428DF22456DB3200D5A45A /* TapUIKit-Example */,
				E8428DE32456DAF300D5A45A /* Products */,
				D16D7E1C3BA1C41CC7BC3554 /* Pods */,
				A1057834EC965C7C3A18355D /* Frameworks */,
			);
			sourceTree = "<group>";
		};
		E8428DE32456DAF300D5A45A /* Products */ = {
			isa = PBXGroup;
			children = (
				E8428DE22456DAF300D5A45A /* TapUIKit_iOS.framework */,
				E8428DF12456DB3200D5A45A /* TapUIKit-Example.app */,
			);
			name = Products;
			sourceTree = "<group>";
		};
		E8428DE42456DAF300D5A45A /* TapUIKit-iOS */ = {
			isa = PBXGroup;
			children = (
				E8428E052456DBB500D5A45A /* Core */,
				E8428DE52456DAF300D5A45A /* TapUIKit_iOS.h */,
				E8428DE62456DAF300D5A45A /* Info.plist */,
			);
			path = "TapUIKit-iOS";
			sourceTree = "<group>";
		};
		E8428DF22456DB3200D5A45A /* TapUIKit-Example */ = {
			isa = PBXGroup;
			children = (
				E879885D245EA90700D643A2 /* TapRecentCardsViewExample */,
				E8AE0DE6245AEC57007AAE1F /* TapRecentCardsExample */,
				E835ADB3245850E700E55A68 /* GoogleService-Info.plist */,
				E8428E2624583B2F00D5A45A /* TapChipExample */,
				E8428DF32456DB3200D5A45A /* AppDelegate.swift */,
				E8428DF52456DB3200D5A45A /* SceneDelegate.swift */,
				E8428DF72456DB3200D5A45A /* ViewController.swift */,
				E8428DF92456DB3200D5A45A /* Main.storyboard */,
				E8428DFC2456DB3200D5A45A /* Assets.xcassets */,
				E8428DFE2456DB3200D5A45A /* LaunchScreen.storyboard */,
				E8428E012456DB3200D5A45A /* Info.plist */,
			);
			path = "TapUIKit-Example";
			sourceTree = "<group>";
		};
		E8428E052456DBB500D5A45A /* Core */ = {
			isa = PBXGroup;
			children = (
				E8428E112457FDE600D5A45A /* Assets */,
				E8428E0E2457F8C000D5A45A /* Extensions */,
				E8428E062456EE5A00D5A45A /* Recent Cards */,
			);
			path = Core;
			sourceTree = "<group>";
		};
		E8428E062456EE5A00D5A45A /* Recent Cards */ = {
			isa = PBXGroup;
			children = (
				E8ECF5A1245E9F9900C88BE0 /* RecentCardsView */,
				E8ED3107245AD9B700A62D09 /* TapCollectionView */,
				E835ADB524585A7600E55A68 /* TapCollectionCell */,
				E8428E072456EE8A00D5A45A /* Chip Element */,
			);
			path = "Recent Cards";
			sourceTree = "<group>";
		};
		E8428E072456EE8A00D5A45A /* Chip Element */ = {
			isa = PBXGroup;
			children = (
				E8428E092456F6CA00D5A45A /* Public */,
				E8428E082456F6C200D5A45A /* Private */,
			);
			path = "Chip Element";
			sourceTree = "<group>";
		};
		E8428E082456F6C200D5A45A /* Private */ = {
			isa = PBXGroup;
			children = (
			);
			path = Private;
			sourceTree = "<group>";
		};
		E8428E092456F6CA00D5A45A /* Public */ = {
			isa = PBXGroup;
			children = (
				E835ADB824597A9900E55A68 /* ViewModels */,
				E835ADB724597A9000E55A68 /* Views */,
			);
			path = Public;
			sourceTree = "<group>";
		};
		E8428E0E2457F8C000D5A45A /* Extensions */ = {
			isa = PBXGroup;
			children = (
				E8428E0F2457F8D900D5A45A /* TapUIExtensions.swift */,
			);
			path = Extensions;
			sourceTree = "<group>";
		};
		E8428E112457FDE600D5A45A /* Assets */ = {
			isa = PBXGroup;
			children = (
				E835ADC12459815D00E55A68 /* tapLogo.png */,
				E8428E122457FDFC00D5A45A /* DefaultDarkTheme.json */,
				E8428E132457FDFC00D5A45A /* DefaultLightTheme.json */,
				E8AE0DFF245B620F007AAE1F /* separator.png */,
				E8AE0DF0245AFED3007AAE1F /* TapGoPayCollectionViewCell.xib */,
				E8AE0DF4245B0160007AAE1F /* TapRecentCardCollectionViewCell.xib */,
				E8AE0DFA245B1073007AAE1F /* TapSeparatorCollectionViewCell.xib */,
			);
			path = Assets;
			sourceTree = "<group>";
		};
		E8428E2624583B2F00D5A45A /* TapChipExample */ = {
			isa = PBXGroup;
			children = (
				E8428E2424583B0900D5A45A /* TapChipExampleViewController.swift */,
			);
			path = TapChipExample;
			sourceTree = "<group>";
		};
		E879885D245EA90700D643A2 /* TapRecentCardsViewExample */ = {
			isa = PBXGroup;
			children = (
				E879885E245EA92000D643A2 /* TapRecentCardsViewExampleViewController.swift */,
			);
			path = TapRecentCardsViewExample;
			sourceTree = "<group>";
		};
		E8AE0DE6245AEC57007AAE1F /* TapRecentCardsExample */ = {
			isa = PBXGroup;
			children = (
				E8AE0DE9245AEC79007AAE1F /* TapRecentCardsExampleViewController.swift */,
			);
			path = TapRecentCardsExample;
			sourceTree = "<group>";
		};
		E8ECF5A1245E9F9900C88BE0 /* RecentCardsView */ = {
			isa = PBXGroup;
			children = (
				E8ECF5A5245EA28C00C88BE0 /* ViewModels */,
				E8ECF5A4245EA28700C88BE0 /* Views */,
			);
			path = RecentCardsView;
			sourceTree = "<group>";
		};
		E8ECF5A4245EA28700C88BE0 /* Views */ = {
			isa = PBXGroup;
			children = (
				E8ECF5A2245EA06900C88BE0 /* TapRecentCardsView.swift */,
			);
			path = Views;
			sourceTree = "<group>";
		};
		E8ECF5A5245EA28C00C88BE0 /* ViewModels */ = {
			isa = PBXGroup;
			children = (
			);
			path = ViewModels;
			sourceTree = "<group>";
		};
		E8ED3106245AD98500A62D09 /* Internal */ = {
			isa = PBXGroup;
			children = (
				E8ED3104245AD90200A62D09 /* TapCellConfiguration.swift */,
				E8AE0DEF245AFED3007AAE1F /* TapGoPayCollectionViewCell.swift */,
				E8AE0DF3245B0160007AAE1F /* TapRecentCardCollectionViewCell.swift */,
				E8AE0DF9245B1073007AAE1F /* TapSeparatorCollectionViewCell.swift */,
			);
			path = Internal;
			sourceTree = "<group>";
		};
		E8ED3107245AD9B700A62D09 /* TapCollectionView */ = {
			isa = PBXGroup;
			children = (
				E8ED310B245ADA0A00A62D09 /* ViewModels */,
				E8ED3108245AD9C300A62D09 /* Views */,
			);
			path = TapCollectionView;
			sourceTree = "<group>";
		};
		E8ED3108245AD9C300A62D09 /* Views */ = {
			isa = PBXGroup;
			children = (
				E8ED3109245AD9FA00A62D09 /* TapRecentCollectionView.swift */,
			);
			path = Views;
			sourceTree = "<group>";
		};
		E8ED310B245ADA0A00A62D09 /* ViewModels */ = {
			isa = PBXGroup;
			children = (
				E8ED310C245ADA2D00A62D09 /* TapCardsCollectionViewModel.swift */,
			);
			path = ViewModels;
			sourceTree = "<group>";
		};
/* End PBXGroup section */

/* Begin PBXHeadersBuildPhase section */
		E8428DDD2456DAF300D5A45A /* Headers */ = {
			isa = PBXHeadersBuildPhase;
			buildActionMask = 2147483647;
			files = (
				E8428DE72456DAF300D5A45A /* TapUIKit_iOS.h in Headers */,
			);
			runOnlyForDeploymentPostprocessing = 0;
		};
/* End PBXHeadersBuildPhase section */

/* Begin PBXNativeTarget section */
		E8428DE12456DAF300D5A45A /* TapUIKit-iOS */ = {
			isa = PBXNativeTarget;
			buildConfigurationList = E8428DEA2456DAF300D5A45A /* Build configuration list for PBXNativeTarget "TapUIKit-iOS" */;
			buildPhases = (
				2F899D75F54D583E25413091 /* [CP] Check Pods Manifest.lock */,
				E8428DDD2456DAF300D5A45A /* Headers */,
				E8428DDE2456DAF300D5A45A /* Sources */,
				E8428DDF2456DAF300D5A45A /* Frameworks */,
				E8428DE02456DAF300D5A45A /* Resources */,
				E8428E23245820EF00D5A45A /* Embed Frameworks */,
			);
			buildRules = (
			);
			dependencies = (
			);
			name = "TapUIKit-iOS";
			productName = "TapUIKit-iOS";
			productReference = E8428DE22456DAF300D5A45A /* TapUIKit_iOS.framework */;
			productType = "com.apple.product-type.framework";
		};
		E8428DF02456DB3200D5A45A /* TapUIKit-Example */ = {
			isa = PBXNativeTarget;
			buildConfigurationList = E8428E022456DB3200D5A45A /* Build configuration list for PBXNativeTarget "TapUIKit-Example" */;
			buildPhases = (
				DD4442245E477D854EE9F603 /* [CP] Check Pods Manifest.lock */,
				E8428DED2456DB3200D5A45A /* Sources */,
				E8428DEE2456DB3200D5A45A /* Frameworks */,
				E8428DEF2456DB3200D5A45A /* Resources */,
				E8428E202458209400D5A45A /* Embed Frameworks */,
				17815313BA80ED437D9FB0D1 /* [CP] Embed Pods Frameworks */,
			);
			buildRules = (
			);
			dependencies = (
				E8428E1F2458209400D5A45A /* PBXTargetDependency */,
			);
			name = "TapUIKit-Example";
			productName = "TapUIKit-Example";
			productReference = E8428DF12456DB3200D5A45A /* TapUIKit-Example.app */;
			productType = "com.apple.product-type.application";
		};
/* End PBXNativeTarget section */

/* Begin PBXProject section */
		E8428DD92456DAF300D5A45A /* Project object */ = {
			isa = PBXProject;
			attributes = {
				LastSwiftUpdateCheck = 1120;
				LastUpgradeCheck = 1120;
				ORGANIZATIONNAME = "Tap Payments";
				TargetAttributes = {
					E8428DE12456DAF300D5A45A = {
						CreatedOnToolsVersion = 11.2.1;
						LastSwiftMigration = 1120;
					};
					E8428DF02456DB3200D5A45A = {
						CreatedOnToolsVersion = 11.2.1;
					};
				};
			};
			buildConfigurationList = E8428DDC2456DAF300D5A45A /* Build configuration list for PBXProject "TapUIKit-iOS" */;
			compatibilityVersion = "Xcode 9.3";
			developmentRegion = en;
			hasScannedForEncodings = 0;
			knownRegions = (
				en,
				Base,
			);
			mainGroup = E8428DD82456DAF300D5A45A;
			productRefGroup = E8428DE32456DAF300D5A45A /* Products */;
			projectDirPath = "";
			projectRoot = "";
			targets = (
				E8428DE12456DAF300D5A45A /* TapUIKit-iOS */,
				E8428DF02456DB3200D5A45A /* TapUIKit-Example */,
			);
		};
/* End PBXProject section */

/* Begin PBXResourcesBuildPhase section */
		E8428DE02456DAF300D5A45A /* Resources */ = {
			isa = PBXResourcesBuildPhase;
			buildActionMask = 2147483647;
			files = (
				E8428E152457FDFC00D5A45A /* DefaultLightTheme.json in Resources */,
				E8428E142457FDFC00D5A45A /* DefaultDarkTheme.json in Resources */,
				E8AE0DF6245B0160007AAE1F /* TapRecentCardCollectionViewCell.xib in Resources */,
				E8AE0DF2245AFED3007AAE1F /* TapGoPayCollectionViewCell.xib in Resources */,
				E8AE0E00245B620F007AAE1F /* separator.png in Resources */,
				E835ADC22459815D00E55A68 /* tapLogo.png in Resources */,
				E8AE0DFC245B1073007AAE1F /* TapSeparatorCollectionViewCell.xib in Resources */,
			);
			runOnlyForDeploymentPostprocessing = 0;
		};
		E8428DEF2456DB3200D5A45A /* Resources */ = {
			isa = PBXResourcesBuildPhase;
			buildActionMask = 2147483647;
			files = (
				E8428E002456DB3200D5A45A /* LaunchScreen.storyboard in Resources */,
				E835ADB4245850E700E55A68 /* GoogleService-Info.plist in Resources */,
				E8428DFD2456DB3200D5A45A /* Assets.xcassets in Resources */,
				E8428DFB2456DB3200D5A45A /* Main.storyboard in Resources */,
			);
			runOnlyForDeploymentPostprocessing = 0;
		};
/* End PBXResourcesBuildPhase section */

/* Begin PBXShellScriptBuildPhase section */
		17815313BA80ED437D9FB0D1 /* [CP] Embed Pods Frameworks */ = {
			isa = PBXShellScriptBuildPhase;
			buildActionMask = 2147483647;
			files = (
			);
			inputFileListPaths = (
				"${PODS_ROOT}/Target Support Files/Pods-TapUIKit-Example/Pods-TapUIKit-Example-frameworks-${CONFIGURATION}-input-files.xcfilelist",
			);
			name = "[CP] Embed Pods Frameworks";
			outputFileListPaths = (
				"${PODS_ROOT}/Target Support Files/Pods-TapUIKit-Example/Pods-TapUIKit-Example-frameworks-${CONFIGURATION}-output-files.xcfilelist",
			);
			runOnlyForDeploymentPostprocessing = 0;
			shellPath = /bin/sh;
			shellScript = "\"${PODS_ROOT}/Target Support Files/Pods-TapUIKit-Example/Pods-TapUIKit-Example-frameworks.sh\"\n";
			showEnvVarsInLog = 0;
		};
		2F899D75F54D583E25413091 /* [CP] Check Pods Manifest.lock */ = {
			isa = PBXShellScriptBuildPhase;
			buildActionMask = 2147483647;
			files = (
			);
			inputFileListPaths = (
			);
			inputPaths = (
				"${PODS_PODFILE_DIR_PATH}/Podfile.lock",
				"${PODS_ROOT}/Manifest.lock",
			);
			name = "[CP] Check Pods Manifest.lock";
			outputFileListPaths = (
			);
			outputPaths = (
				"$(DERIVED_FILE_DIR)/Pods-TapUIKit-iOS-checkManifestLockResult.txt",
			);
			runOnlyForDeploymentPostprocessing = 0;
			shellPath = /bin/sh;
			shellScript = "diff \"${PODS_PODFILE_DIR_PATH}/Podfile.lock\" \"${PODS_ROOT}/Manifest.lock\" > /dev/null\nif [ $? != 0 ] ; then\n    # print error to STDERR\n    echo \"error: The sandbox is not in sync with the Podfile.lock. Run 'pod install' or update your CocoaPods installation.\" >&2\n    exit 1\nfi\n# This output is used by Xcode 'outputs' to avoid re-running this script phase.\necho \"SUCCESS\" > \"${SCRIPT_OUTPUT_FILE_0}\"\n";
			showEnvVarsInLog = 0;
		};
		DD4442245E477D854EE9F603 /* [CP] Check Pods Manifest.lock */ = {
			isa = PBXShellScriptBuildPhase;
			buildActionMask = 2147483647;
			files = (
			);
			inputFileListPaths = (
			);
			inputPaths = (
				"${PODS_PODFILE_DIR_PATH}/Podfile.lock",
				"${PODS_ROOT}/Manifest.lock",
			);
			name = "[CP] Check Pods Manifest.lock";
			outputFileListPaths = (
			);
			outputPaths = (
				"$(DERIVED_FILE_DIR)/Pods-TapUIKit-Example-checkManifestLockResult.txt",
			);
			runOnlyForDeploymentPostprocessing = 0;
			shellPath = /bin/sh;
			shellScript = "diff \"${PODS_PODFILE_DIR_PATH}/Podfile.lock\" \"${PODS_ROOT}/Manifest.lock\" > /dev/null\nif [ $? != 0 ] ; then\n    # print error to STDERR\n    echo \"error: The sandbox is not in sync with the Podfile.lock. Run 'pod install' or update your CocoaPods installation.\" >&2\n    exit 1\nfi\n# This output is used by Xcode 'outputs' to avoid re-running this script phase.\necho \"SUCCESS\" > \"${SCRIPT_OUTPUT_FILE_0}\"\n";
			showEnvVarsInLog = 0;
		};
/* End PBXShellScriptBuildPhase section */

/* Begin PBXSourcesBuildPhase section */
		E8428DDE2456DAF300D5A45A /* Sources */ = {
			isa = PBXSourcesBuildPhase;
			buildActionMask = 2147483647;
			files = (
				E835ADBC24597B6300E55A68 /* TapCardRecentCardCellViewModel.swift in Sources */,
				E835ADC02459808700E55A68 /* TapGoPayCellViewModel.swift in Sources */,
				E8ED310D245ADA2D00A62D09 /* TapCardsCollectionViewModel.swift in Sources */,
				E8ECF5A3245EA06900C88BE0 /* TapRecentCardsView.swift in Sources */,
				E8AE0DF5245B0160007AAE1F /* TapRecentCardCollectionViewCell.swift in Sources */,
				E8AE0DFE245B10C0007AAE1F /* TapSeparatorViewModel.swift in Sources */,
				E8ED310A245AD9FA00A62D09 /* TapRecentCollectionView.swift in Sources */,
				E8428E0B2456F76A00D5A45A /* TapChip.swift in Sources */,
				E8428E0D2457F2C500D5A45A /* TapChipAccessoryView.swift in Sources */,
				E8428E102457F8D900D5A45A /* TapUIExtensions.swift in Sources */,
				E835ADBE24597F2F00E55A68 /* TapChipCellViewModel.swift in Sources */,
				E8ED3105245AD90200A62D09 /* TapCellConfiguration.swift in Sources */,
				E8AE0DFB245B1073007AAE1F /* TapSeparatorCollectionViewCell.swift in Sources */,
				E8AE0DF1245AFED3007AAE1F /* TapGoPayCollectionViewCell.swift in Sources */,
				E835ADBA24597B0500E55A68 /* TapCellViewModel.swift in Sources */,
			);
			runOnlyForDeploymentPostprocessing = 0;
		};
		E8428DED2456DB3200D5A45A /* Sources */ = {
			isa = PBXSourcesBuildPhase;
			buildActionMask = 2147483647;
			files = (
				E8428DF82456DB3200D5A45A /* ViewController.swift in Sources */,
				E8428E2524583B0900D5A45A /* TapChipExampleViewController.swift in Sources */,
				E8428DF42456DB3200D5A45A /* AppDelegate.swift in Sources */,
				E879885F245EA92000D643A2 /* TapRecentCardsViewExampleViewController.swift in Sources */,
				E8428DF62456DB3200D5A45A /* SceneDelegate.swift in Sources */,
				E8AE0DEA245AEC79007AAE1F /* TapRecentCardsExampleViewController.swift in Sources */,
			);
			runOnlyForDeploymentPostprocessing = 0;
		};
/* End PBXSourcesBuildPhase section */

/* Begin PBXTargetDependency section */
		E8428E1F2458209400D5A45A /* PBXTargetDependency */ = {
			isa = PBXTargetDependency;
			target = E8428DE12456DAF300D5A45A /* TapUIKit-iOS */;
			targetProxy = E8428E1E2458209400D5A45A /* PBXContainerItemProxy */;
		};
/* End PBXTargetDependency section */

/* Begin PBXVariantGroup section */
		E8428DF92456DB3200D5A45A /* Main.storyboard */ = {
			isa = PBXVariantGroup;
			children = (
				E8428DFA2456DB3200D5A45A /* Base */,
			);
			name = Main.storyboard;
			sourceTree = "<group>";
		};
		E8428DFE2456DB3200D5A45A /* LaunchScreen.storyboard */ = {
			isa = PBXVariantGroup;
			children = (
				E8428DFF2456DB3200D5A45A /* Base */,
			);
			name = LaunchScreen.storyboard;
			sourceTree = "<group>";
		};
/* End PBXVariantGroup section */

/* Begin XCBuildConfiguration section */
		E8428DE82456DAF300D5A45A /* Debug */ = {
			isa = XCBuildConfiguration;
			buildSettings = {
				ALWAYS_SEARCH_USER_PATHS = NO;
				CLANG_ANALYZER_NONNULL = YES;
				CLANG_ANALYZER_NUMBER_OBJECT_CONVERSION = YES_AGGRESSIVE;
				CLANG_CXX_LANGUAGE_STANDARD = "gnu++14";
				CLANG_CXX_LIBRARY = "libc++";
				CLANG_ENABLE_MODULES = YES;
				CLANG_ENABLE_OBJC_ARC = YES;
				CLANG_ENABLE_OBJC_WEAK = YES;
				CLANG_WARN_BLOCK_CAPTURE_AUTORELEASING = YES;
				CLANG_WARN_BOOL_CONVERSION = YES;
				CLANG_WARN_COMMA = YES;
				CLANG_WARN_CONSTANT_CONVERSION = YES;
				CLANG_WARN_DEPRECATED_OBJC_IMPLEMENTATIONS = YES;
				CLANG_WARN_DIRECT_OBJC_ISA_USAGE = YES_ERROR;
				CLANG_WARN_DOCUMENTATION_COMMENTS = YES;
				CLANG_WARN_EMPTY_BODY = YES;
				CLANG_WARN_ENUM_CONVERSION = YES;
				CLANG_WARN_INFINITE_RECURSION = YES;
				CLANG_WARN_INT_CONVERSION = YES;
				CLANG_WARN_NON_LITERAL_NULL_CONVERSION = YES;
				CLANG_WARN_OBJC_IMPLICIT_RETAIN_SELF = YES;
				CLANG_WARN_OBJC_LITERAL_CONVERSION = YES;
				CLANG_WARN_OBJC_ROOT_CLASS = YES_ERROR;
				CLANG_WARN_RANGE_LOOP_ANALYSIS = YES;
				CLANG_WARN_STRICT_PROTOTYPES = YES;
				CLANG_WARN_SUSPICIOUS_MOVE = YES;
				CLANG_WARN_UNGUARDED_AVAILABILITY = YES_AGGRESSIVE;
				CLANG_WARN_UNREACHABLE_CODE = YES;
				CLANG_WARN__DUPLICATE_METHOD_MATCH = YES;
				COPY_PHASE_STRIP = NO;
				CURRENT_PROJECT_VERSION = 1;
				DEBUG_INFORMATION_FORMAT = dwarf;
				ENABLE_STRICT_OBJC_MSGSEND = YES;
				ENABLE_TESTABILITY = YES;
				GCC_C_LANGUAGE_STANDARD = gnu11;
				GCC_DYNAMIC_NO_PIC = NO;
				GCC_NO_COMMON_BLOCKS = YES;
				GCC_OPTIMIZATION_LEVEL = 0;
				GCC_PREPROCESSOR_DEFINITIONS = (
					"DEBUG=1",
					"$(inherited)",
				);
				GCC_WARN_64_TO_32_BIT_CONVERSION = YES;
				GCC_WARN_ABOUT_RETURN_TYPE = YES_ERROR;
				GCC_WARN_UNDECLARED_SELECTOR = YES;
				GCC_WARN_UNINITIALIZED_AUTOS = YES_AGGRESSIVE;
				GCC_WARN_UNUSED_FUNCTION = YES;
				GCC_WARN_UNUSED_VARIABLE = YES;
				IPHONEOS_DEPLOYMENT_TARGET = 12.0;
				MTL_ENABLE_DEBUG_INFO = INCLUDE_SOURCE;
				MTL_FAST_MATH = YES;
				ONLY_ACTIVE_ARCH = YES;
				SDKROOT = iphoneos;
				SWIFT_ACTIVE_COMPILATION_CONDITIONS = DEBUG;
				SWIFT_OPTIMIZATION_LEVEL = "-Onone";
				VERSIONING_SYSTEM = "apple-generic";
				VERSION_INFO_PREFIX = "";
			};
			name = Debug;
		};
		E8428DE92456DAF300D5A45A /* Release */ = {
			isa = XCBuildConfiguration;
			buildSettings = {
				ALWAYS_SEARCH_USER_PATHS = NO;
				CLANG_ANALYZER_NONNULL = YES;
				CLANG_ANALYZER_NUMBER_OBJECT_CONVERSION = YES_AGGRESSIVE;
				CLANG_CXX_LANGUAGE_STANDARD = "gnu++14";
				CLANG_CXX_LIBRARY = "libc++";
				CLANG_ENABLE_MODULES = YES;
				CLANG_ENABLE_OBJC_ARC = YES;
				CLANG_ENABLE_OBJC_WEAK = YES;
				CLANG_WARN_BLOCK_CAPTURE_AUTORELEASING = YES;
				CLANG_WARN_BOOL_CONVERSION = YES;
				CLANG_WARN_COMMA = YES;
				CLANG_WARN_CONSTANT_CONVERSION = YES;
				CLANG_WARN_DEPRECATED_OBJC_IMPLEMENTATIONS = YES;
				CLANG_WARN_DIRECT_OBJC_ISA_USAGE = YES_ERROR;
				CLANG_WARN_DOCUMENTATION_COMMENTS = YES;
				CLANG_WARN_EMPTY_BODY = YES;
				CLANG_WARN_ENUM_CONVERSION = YES;
				CLANG_WARN_INFINITE_RECURSION = YES;
				CLANG_WARN_INT_CONVERSION = YES;
				CLANG_WARN_NON_LITERAL_NULL_CONVERSION = YES;
				CLANG_WARN_OBJC_IMPLICIT_RETAIN_SELF = YES;
				CLANG_WARN_OBJC_LITERAL_CONVERSION = YES;
				CLANG_WARN_OBJC_ROOT_CLASS = YES_ERROR;
				CLANG_WARN_RANGE_LOOP_ANALYSIS = YES;
				CLANG_WARN_STRICT_PROTOTYPES = YES;
				CLANG_WARN_SUSPICIOUS_MOVE = YES;
				CLANG_WARN_UNGUARDED_AVAILABILITY = YES_AGGRESSIVE;
				CLANG_WARN_UNREACHABLE_CODE = YES;
				CLANG_WARN__DUPLICATE_METHOD_MATCH = YES;
				COPY_PHASE_STRIP = NO;
				CURRENT_PROJECT_VERSION = 1;
				DEBUG_INFORMATION_FORMAT = "dwarf-with-dsym";
				ENABLE_NS_ASSERTIONS = NO;
				ENABLE_STRICT_OBJC_MSGSEND = YES;
				GCC_C_LANGUAGE_STANDARD = gnu11;
				GCC_NO_COMMON_BLOCKS = YES;
				GCC_WARN_64_TO_32_BIT_CONVERSION = YES;
				GCC_WARN_ABOUT_RETURN_TYPE = YES_ERROR;
				GCC_WARN_UNDECLARED_SELECTOR = YES;
				GCC_WARN_UNINITIALIZED_AUTOS = YES_AGGRESSIVE;
				GCC_WARN_UNUSED_FUNCTION = YES;
				GCC_WARN_UNUSED_VARIABLE = YES;
				IPHONEOS_DEPLOYMENT_TARGET = 12.0;
				MTL_ENABLE_DEBUG_INFO = NO;
				MTL_FAST_MATH = YES;
				SDKROOT = iphoneos;
				SWIFT_COMPILATION_MODE = wholemodule;
				SWIFT_OPTIMIZATION_LEVEL = "-O";
				VALIDATE_PRODUCT = YES;
				VERSIONING_SYSTEM = "apple-generic";
				VERSION_INFO_PREFIX = "";
			};
			name = Release;
		};
		E8428DEB2456DAF300D5A45A /* Debug */ = {
			isa = XCBuildConfiguration;
			baseConfigurationReference = 6F53A5AEE68D2884AE702993 /* Pods-TapUIKit-iOS.debug.xcconfig */;
			buildSettings = {
				CLANG_ENABLE_MODULES = YES;
				CODE_SIGN_STYLE = Automatic;
				DEFINES_MODULE = YES;
				DEVELOPMENT_TEAM = G46S76PUH4;
				DYLIB_COMPATIBILITY_VERSION = 1;
				DYLIB_CURRENT_VERSION = 1;
				DYLIB_INSTALL_NAME_BASE = "@rpath";
				INFOPLIST_FILE = "TapUIKit-iOS/Info.plist";
				INSTALL_PATH = "$(LOCAL_LIBRARY_DIR)/Frameworks";
				IPHONEOS_DEPLOYMENT_TARGET = 12.0;
				LD_RUNPATH_SEARCH_PATHS = (
					"$(inherited)",
					"@executable_path/Frameworks",
					"@loader_path/Frameworks",
				);
				PRODUCT_BUNDLE_IDENTIFIER = "company.tap.TapUIKit-iOS";
				PRODUCT_NAME = "$(TARGET_NAME:c99extidentifier)";
				SKIP_INSTALL = YES;
				SUPPORTS_MACCATALYST = NO;
				SWIFT_OPTIMIZATION_LEVEL = "-Onone";
				SWIFT_VERSION = 5.0;
				TARGETED_DEVICE_FAMILY = 1;
			};
			name = Debug;
		};
		E8428DEC2456DAF300D5A45A /* Release */ = {
			isa = XCBuildConfiguration;
			baseConfigurationReference = DF4C0BAE4F2FB5B88BFD1BD6 /* Pods-TapUIKit-iOS.release.xcconfig */;
			buildSettings = {
				CLANG_ENABLE_MODULES = YES;
				CODE_SIGN_STYLE = Automatic;
				DEFINES_MODULE = YES;
				DEVELOPMENT_TEAM = G46S76PUH4;
				DYLIB_COMPATIBILITY_VERSION = 1;
				DYLIB_CURRENT_VERSION = 1;
				DYLIB_INSTALL_NAME_BASE = "@rpath";
				INFOPLIST_FILE = "TapUIKit-iOS/Info.plist";
				INSTALL_PATH = "$(LOCAL_LIBRARY_DIR)/Frameworks";
				IPHONEOS_DEPLOYMENT_TARGET = 12.0;
				LD_RUNPATH_SEARCH_PATHS = (
					"$(inherited)",
					"@executable_path/Frameworks",
					"@loader_path/Frameworks",
				);
				PRODUCT_BUNDLE_IDENTIFIER = "company.tap.TapUIKit-iOS";
				PRODUCT_NAME = "$(TARGET_NAME:c99extidentifier)";
				SKIP_INSTALL = YES;
				SUPPORTS_MACCATALYST = NO;
				SWIFT_VERSION = 5.0;
				TARGETED_DEVICE_FAMILY = 1;
			};
			name = Release;
		};
		E8428E032456DB3200D5A45A /* Debug */ = {
			isa = XCBuildConfiguration;
			baseConfigurationReference = DC9E6344249A1CA65DA9FC2F /* Pods-TapUIKit-Example.debug.xcconfig */;
			buildSettings = {
				ASSETCATALOG_COMPILER_APPICON_NAME = AppIcon;
				CODE_SIGN_STYLE = Automatic;
				CURRENT_PROJECT_VERSION = 2;
				DEVELOPMENT_TEAM = G46S76PUH4;
				INFOPLIST_FILE = "TapUIKit-Example/Info.plist";
				IPHONEOS_DEPLOYMENT_TARGET = 12.0;
				LD_RUNPATH_SEARCH_PATHS = (
					"$(inherited)",
					"@executable_path/Frameworks",
				);
				PRODUCT_BUNDLE_IDENTIFIER = "company.tap.TapUIKit-Example";
				PRODUCT_NAME = "$(TARGET_NAME)";
				SWIFT_VERSION = 5.0;
				TARGETED_DEVICE_FAMILY = 1;
			};
			name = Debug;
		};
		E8428E042456DB3200D5A45A /* Release */ = {
			isa = XCBuildConfiguration;
			baseConfigurationReference = F994CF54E35C96648139E52F /* Pods-TapUIKit-Example.release.xcconfig */;
			buildSettings = {
				ASSETCATALOG_COMPILER_APPICON_NAME = AppIcon;
				CODE_SIGN_STYLE = Automatic;
				CURRENT_PROJECT_VERSION = 2;
				DEVELOPMENT_TEAM = G46S76PUH4;
				INFOPLIST_FILE = "TapUIKit-Example/Info.plist";
				IPHONEOS_DEPLOYMENT_TARGET = 12.0;
				LD_RUNPATH_SEARCH_PATHS = (
					"$(inherited)",
					"@executable_path/Frameworks",
				);
				PRODUCT_BUNDLE_IDENTIFIER = "company.tap.TapUIKit-Example";
				PRODUCT_NAME = "$(TARGET_NAME)";
				SWIFT_VERSION = 5.0;
				TARGETED_DEVICE_FAMILY = 1;
			};
			name = Release;
		};
/* End XCBuildConfiguration section */

/* Begin XCConfigurationList section */
		E8428DDC2456DAF300D5A45A /* Build configuration list for PBXProject "TapUIKit-iOS" */ = {
			isa = XCConfigurationList;
			buildConfigurations = (
				E8428DE82456DAF300D5A45A /* Debug */,
				E8428DE92456DAF300D5A45A /* Release */,
			);
			defaultConfigurationIsVisible = 0;
			defaultConfigurationName = Release;
		};
		E8428DEA2456DAF300D5A45A /* Build configuration list for PBXNativeTarget "TapUIKit-iOS" */ = {
			isa = XCConfigurationList;
			buildConfigurations = (
				E8428DEB2456DAF300D5A45A /* Debug */,
				E8428DEC2456DAF300D5A45A /* Release */,
			);
			defaultConfigurationIsVisible = 0;
			defaultConfigurationName = Release;
		};
		E8428E022456DB3200D5A45A /* Build configuration list for PBXNativeTarget "TapUIKit-Example" */ = {
			isa = XCConfigurationList;
			buildConfigurations = (
				E8428E032456DB3200D5A45A /* Debug */,
				E8428E042456DB3200D5A45A /* Release */,
			);
			defaultConfigurationIsVisible = 0;
			defaultConfigurationName = Release;
		};
/* End XCConfigurationList section */
	};
	rootObject = E8428DD92456DAF300D5A45A /* Project object */;
}
