// !$*UTF8*$!
{
	archiveVersion = 1;
	classes = {
	};
	objectVersion = 51;
	objects = {

/* Begin PBXBuildFile section */
		787453BF44F27DA80BB187B5 /* Pods_TapUIKit_Example.framework in Frameworks */ = {isa = PBXBuildFile; fileRef = CE5C8E08297E9489C1273CA2 /* Pods_TapUIKit_Example.framework */; };
		E809F65F24961F2700670A39 /* GatewayChipViewModel.swift in Sources */ = {isa = PBXBuildFile; fileRef = E809F65E24961F2700670A39 /* GatewayChipViewModel.swift */; };
		E809F6612496223B00670A39 /* GenericTapChipViewModel.swift in Sources */ = {isa = PBXBuildFile; fileRef = E809F6602496223B00670A39 /* GenericTapChipViewModel.swift */; };
		E80E8AA32487B6EB009AF18F /* TapBottomSheetDialogViewController.swift in Sources */ = {isa = PBXBuildFile; fileRef = E80E8AA22487B6EB009AF18F /* TapBottomSheetDialogViewController.swift */; };
		E80E8AA52487C053009AF18F /* Constants.swift in Sources */ = {isa = PBXBuildFile; fileRef = E80E8AA42487C053009AF18F /* Constants.swift */; };
		E80E8AA82487C252009AF18F /* TapBottomSheetExampleViewController.swift in Sources */ = {isa = PBXBuildFile; fileRef = E80E8AA72487C252009AF18F /* TapBottomSheetExampleViewController.swift */; };
		E80E8AAA2487CF8D009AF18F /* TapPresentableViewController.swift in Sources */ = {isa = PBXBuildFile; fileRef = E80E8AA92487CF8D009AF18F /* TapPresentableViewController.swift */; };
		E80E8AAC2487D1BD009AF18F /* ToPresentAsPopupViewController.swift in Sources */ = {isa = PBXBuildFile; fileRef = E80E8AAB2487D1BD009AF18F /* ToPresentAsPopupViewController.swift */; };
		E80E8AB224892531009AF18F /* TapPullUpWrapperViewController.xib in Resources */ = {isa = PBXBuildFile; fileRef = E80E8AB024892531009AF18F /* TapPullUpWrapperViewController.xib */; };
		E80EA58F24974B4900C5C5E1 /* ChipsTestingViewController.swift in Sources */ = {isa = PBXBuildFile; fileRef = E80EA58E24974B4900C5C5E1 /* ChipsTestingViewController.swift */; };
		E80EA5932497509A00C5C5E1 /* TapChipHorizontalListViewModel.swift in Sources */ = {isa = PBXBuildFile; fileRef = E80EA5922497509A00C5C5E1 /* TapChipHorizontalListViewModel.swift */; };
		E82A56B22499ED7A00E3F00D /* SavedCardCollectionViewCell.swift in Sources */ = {isa = PBXBuildFile; fileRef = E82A56B02499ED7A00E3F00D /* SavedCardCollectionViewCell.swift */; };
		E82A56B32499ED7A00E3F00D /* SavedCardCollectionViewCell.xib in Resources */ = {isa = PBXBuildFile; fileRef = E82A56B12499ED7A00E3F00D /* SavedCardCollectionViewCell.xib */; };
		E82A56B52499EDA800E3F00D /* SavedCardCollectionViewCellModel.swift in Sources */ = {isa = PBXBuildFile; fileRef = E82A56B42499EDA800E3F00D /* SavedCardCollectionViewCellModel.swift */; };
		E82A56B8249A3FF400E3F00D /* TapGatewyHorizontalHeaderView.swift in Sources */ = {isa = PBXBuildFile; fileRef = E82A56B7249A3FF400E3F00D /* TapGatewyHorizontalHeaderView.swift */; };
		E82A56BB249A401400E3F00D /* TapHorizontalHeaderView.xib in Resources */ = {isa = PBXBuildFile; fileRef = E82A56BA249A401400E3F00D /* TapHorizontalHeaderView.xib */; };
		E82A56BF249B295A00E3F00D /* ApplePayChipCollectionViewCell.swift in Sources */ = {isa = PBXBuildFile; fileRef = E82A56BD249B295A00E3F00D /* ApplePayChipCollectionViewCell.swift */; };
		E82A56C0249B295A00E3F00D /* ApplePayChipCollectionViewCell.xib in Resources */ = {isa = PBXBuildFile; fileRef = E82A56BE249B295A00E3F00D /* ApplePayChipCollectionViewCell.xib */; };
		E82A56C2249B2B3800E3F00D /* ApplePayChipViewCellModel.swift in Sources */ = {isa = PBXBuildFile; fileRef = E82A56C1249B2B3800E3F00D /* ApplePayChipViewCellModel.swift */; };
		E82A56C7249B8A2100E3F00D /* CurrencyChipCollectionViewCell.swift in Sources */ = {isa = PBXBuildFile; fileRef = E82A56C5249B8A2100E3F00D /* CurrencyChipCollectionViewCell.swift */; };
		E82A56C8249B8A2100E3F00D /* CurrencyChipCollectionViewCell.xib in Resources */ = {isa = PBXBuildFile; fileRef = E82A56C6249B8A2100E3F00D /* CurrencyChipCollectionViewCell.xib */; };
		E82A56CA249B8A3C00E3F00D /* CurrencyChipViewModel.swift in Sources */ = {isa = PBXBuildFile; fileRef = E82A56C9249B8A3C00E3F00D /* CurrencyChipViewModel.swift */; };
		E832E63B24B3320800E2241B /* TapCardInputViewController.swift in Sources */ = {isa = PBXBuildFile; fileRef = E832E63A24B3320800E2241B /* TapCardInputViewController.swift */; };
		E835ADB4245850E700E55A68 /* GoogleService-Info.plist in Resources */ = {isa = PBXBuildFile; fileRef = E835ADB3245850E700E55A68 /* GoogleService-Info.plist */; };
		E835ADC22459815D00E55A68 /* tapLogo.png in Resources */ = {isa = PBXBuildFile; fileRef = E835ADC12459815D00E55A68 /* tapLogo.png */; };
		E8428DE72456DAF300D5A45A /* TapUIKit_iOS.h in Headers */ = {isa = PBXBuildFile; fileRef = E8428DE52456DAF300D5A45A /* TapUIKit_iOS.h */; settings = {ATTRIBUTES = (Public, ); }; };
		E8428DF42456DB3200D5A45A /* AppDelegate.swift in Sources */ = {isa = PBXBuildFile; fileRef = E8428DF32456DB3200D5A45A /* AppDelegate.swift */; };
		E8428DF62456DB3200D5A45A /* SceneDelegate.swift in Sources */ = {isa = PBXBuildFile; fileRef = E8428DF52456DB3200D5A45A /* SceneDelegate.swift */; };
		E8428DF82456DB3200D5A45A /* ViewController.swift in Sources */ = {isa = PBXBuildFile; fileRef = E8428DF72456DB3200D5A45A /* ViewController.swift */; };
		E8428DFB2456DB3200D5A45A /* Main.storyboard in Resources */ = {isa = PBXBuildFile; fileRef = E8428DF92456DB3200D5A45A /* Main.storyboard */; };
		E8428DFD2456DB3200D5A45A /* Assets.xcassets in Resources */ = {isa = PBXBuildFile; fileRef = E8428DFC2456DB3200D5A45A /* Assets.xcassets */; };
		E8428E002456DB3200D5A45A /* LaunchScreen.storyboard in Resources */ = {isa = PBXBuildFile; fileRef = E8428DFE2456DB3200D5A45A /* LaunchScreen.storyboard */; };
		E8428E102457F8D900D5A45A /* TapUIExtensions.swift in Sources */ = {isa = PBXBuildFile; fileRef = E8428E0F2457F8D900D5A45A /* TapUIExtensions.swift */; };
		E8428E142457FDFC00D5A45A /* DefaultDarkTheme.json in Resources */ = {isa = PBXBuildFile; fileRef = E8428E122457FDFC00D5A45A /* DefaultDarkTheme.json */; };
		E8428E152457FDFC00D5A45A /* DefaultLightTheme.json in Resources */ = {isa = PBXBuildFile; fileRef = E8428E132457FDFC00D5A45A /* DefaultLightTheme.json */; };
		E8428E1C2458209400D5A45A /* TapUIKit_iOS.framework in Frameworks */ = {isa = PBXBuildFile; fileRef = E8428DE22456DAF300D5A45A /* TapUIKit_iOS.framework */; };
		E8428E1D2458209400D5A45A /* TapUIKit_iOS.framework in Embed Frameworks */ = {isa = PBXBuildFile; fileRef = E8428DE22456DAF300D5A45A /* TapUIKit_iOS.framework */; settings = {ATTRIBUTES = (CodeSignOnCopy, RemoveHeadersOnCopy, ); }; };
		E8428E21245820EF00D5A45A /* Pods_TapUIKit_iOS.framework in Frameworks */ = {isa = PBXBuildFile; fileRef = CBC2C75F993AE43B35B60D62 /* Pods_TapUIKit_iOS.framework */; };
		E8428E22245820EF00D5A45A /* Pods_TapUIKit_iOS.framework in Embed Frameworks */ = {isa = PBXBuildFile; fileRef = CBC2C75F993AE43B35B60D62 /* Pods_TapUIKit_iOS.framework */; settings = {ATTRIBUTES = (CodeSignOnCopy, RemoveHeadersOnCopy, ); }; };
		E8670CBC24988FAF003F87D8 /* TapGoPayChipCollectionViewCell.swift in Sources */ = {isa = PBXBuildFile; fileRef = E8670CBA24988FAF003F87D8 /* TapGoPayChipCollectionViewCell.swift */; };
		E8670CBD24988FAF003F87D8 /* TapGoPayChipCollectionViewCell.xib in Resources */ = {isa = PBXBuildFile; fileRef = E8670CBB24988FAF003F87D8 /* TapGoPayChipCollectionViewCell.xib */; };
		E8670CBF2498A678003F87D8 /* TapGoPayViewModel.swift in Sources */ = {isa = PBXBuildFile; fileRef = E8670CBE2498A678003F87D8 /* TapGoPayViewModel.swift */; };
		E8670CC12498AFCB003F87D8 /* goPayIcon.pdf in Resources */ = {isa = PBXBuildFile; fileRef = E8670CC02498AFCB003F87D8 /* goPayIcon.pdf */; };
		E8670CC52498B001003F87D8 /* tap.png in Resources */ = {isa = PBXBuildFile; fileRef = E8670CC22498B000003F87D8 /* tap.png */; };
		E8670CC62498B001003F87D8 /* tap@2x.png in Resources */ = {isa = PBXBuildFile; fileRef = E8670CC32498B000003F87D8 /* tap@2x.png */; };
		E8670CC72498B001003F87D8 /* tap@3x.png in Resources */ = {isa = PBXBuildFile; fileRef = E8670CC42498B000003F87D8 /* tap@3x.png */; };
		E87CEA48248FBFBC002F2332 /* TapMerchantHeaderViewController.swift in Sources */ = {isa = PBXBuildFile; fileRef = E87CEA47248FBFBC002F2332 /* TapMerchantHeaderViewController.swift */; };
		E87E09E024A878BC004A7A46 /* TapCardPhoneIconView.swift in Sources */ = {isa = PBXBuildFile; fileRef = E87E09DF24A878BC004A7A46 /* TapCardPhoneIconView.swift */; };
		E87E09E224A878C6004A7A46 /* TapCardPhoneIconView.xib in Resources */ = {isa = PBXBuildFile; fileRef = E87E09E124A878C6004A7A46 /* TapCardPhoneIconView.xib */; };
		E87E09E424A8840E004A7A46 /* TapCardPhoneIconViewModel.swift in Sources */ = {isa = PBXBuildFile; fileRef = E87E09E324A8840E004A7A46 /* TapCardPhoneIconViewModel.swift */; };
		E87E09E724A89D9E004A7A46 /* TapCardPhoneIconViewController.swift in Sources */ = {isa = PBXBuildFile; fileRef = E87E09E624A89D9E004A7A46 /* TapCardPhoneIconViewController.swift */; };
		E87E09E824A8BE74004A7A46 /* Assets.xcassets in Resources */ = {isa = PBXBuildFile; fileRef = E8428DFC2456DB3200D5A45A /* Assets.xcassets */; };
		E87E09EA24A8C3BE004A7A46 /* TapBlackWhiteImage.swift in Sources */ = {isa = PBXBuildFile; fileRef = E87E09E924A8C3BE004A7A46 /* TapBlackWhiteImage.swift */; };
		E8861D35249F6CC30002FEDE /* TapGenericTableView.swift in Sources */ = {isa = PBXBuildFile; fileRef = E8861D34249F6CC30002FEDE /* TapGenericTableView.swift */; };
		E8861D37249F6CCE0002FEDE /* TapGenericTableView.xib in Resources */ = {isa = PBXBuildFile; fileRef = E8861D36249F6CCE0002FEDE /* TapGenericTableView.xib */; };
		E8861D39249F74C20002FEDE /* TapGenericTableViewModel.swift in Sources */ = {isa = PBXBuildFile; fileRef = E8861D38249F74C20002FEDE /* TapGenericTableViewModel.swift */; };
		E8861D3B249F75D60002FEDE /* ItemCellViewModel.swift in Sources */ = {isa = PBXBuildFile; fileRef = E8861D3A249F75D60002FEDE /* ItemCellViewModel.swift */; };
		E8861D40249FA8C20002FEDE /* ItemCellViewController.swift in Sources */ = {isa = PBXBuildFile; fileRef = E8861D3F249FA8C20002FEDE /* ItemCellViewController.swift */; };
		E897499324B47B2900399C4B /* TapCardTelecomPaymentView.swift in Sources */ = {isa = PBXBuildFile; fileRef = E897499224B47B2900399C4B /* TapCardTelecomPaymentView.swift */; };
		E897499524B47B4100399C4B /* TapCardTelecomPaymentView.xib in Resources */ = {isa = PBXBuildFile; fileRef = E897499424B47B4100399C4B /* TapCardTelecomPaymentView.xib */; };
		E8A57AA324A9B27E00C1B6CD /* TapCardPhoneBarList.swift in Sources */ = {isa = PBXBuildFile; fileRef = E8A57AA224A9B27E00C1B6CD /* TapCardPhoneBarList.swift */; };
		E8A57AA524A9B28900C1B6CD /* TapCardPhoneBarList.xib in Resources */ = {isa = PBXBuildFile; fileRef = E8A57AA424A9B28900C1B6CD /* TapCardPhoneBarList.xib */; };
		E8A57AA724A9C16500C1B6CD /* TapCardPhoneBarListViewModel.swift in Sources */ = {isa = PBXBuildFile; fileRef = E8A57AA624A9C16500C1B6CD /* TapCardPhoneBarListViewModel.swift */; };
		E8A57AA924A9CCE200C1B6CD /* TapCardPhoneBarListViewController.swift in Sources */ = {isa = PBXBuildFile; fileRef = E8A57AA824A9CCE200C1B6CD /* TapCardPhoneBarListViewController.swift */; };
		E8AE0DF2245AFED3007AAE1F /* TapGoPayCollectionViewCell.xib in Resources */ = {isa = PBXBuildFile; fileRef = E8AE0DF0245AFED3007AAE1F /* TapGoPayCollectionViewCell.xib */; };
		E8AE0DF6245B0160007AAE1F /* TapRecentCardCollectionViewCell.xib in Resources */ = {isa = PBXBuildFile; fileRef = E8AE0DF4245B0160007AAE1F /* TapRecentCardCollectionViewCell.xib */; };
		E8AE0DFC245B1073007AAE1F /* TapSeparatorCollectionViewCell.xib in Resources */ = {isa = PBXBuildFile; fileRef = E8AE0DFA245B1073007AAE1F /* TapSeparatorCollectionViewCell.xib */; };
		E8AE0E00245B620F007AAE1F /* separator.png in Resources */ = {isa = PBXBuildFile; fileRef = E8AE0DFF245B620F007AAE1F /* separator.png */; };
		E8C590932490A27000E03424 /* ExampleWallOfGloryViewController.swift in Sources */ = {isa = PBXBuildFile; fileRef = E8C590922490A27000E03424 /* ExampleWallOfGloryViewController.swift */; };
		E8C590FB24922AF600E03424 /* TapAmountSectionViewModel.swift in Sources */ = {isa = PBXBuildFile; fileRef = E8C590FA24922AF600E03424 /* TapAmountSectionViewModel.swift */; };
		E8C590FF249293E200E03424 /* TapAmountSectionView.swift in Sources */ = {isa = PBXBuildFile; fileRef = E8C590FE249293E200E03424 /* TapAmountSectionView.swift */; };
		E8C59101249293EA00E03424 /* TapAmountSectionView.xib in Resources */ = {isa = PBXBuildFile; fileRef = E8C59100249293EA00E03424 /* TapAmountSectionView.xib */; };
		E8C5910424936C6E00E03424 /* TapAmountSectionViewController.swift in Sources */ = {isa = PBXBuildFile; fileRef = E8C5910324936C6E00E03424 /* TapAmountSectionViewController.swift */; };
		E8CD42842495F9130013AEE7 /* TapChipHorizontalList.swift in Sources */ = {isa = PBXBuildFile; fileRef = E8CD42832495F9130013AEE7 /* TapChipHorizontalList.swift */; };
		E8CD42862495F91B0013AEE7 /* TapChipHorizontalList.xib in Resources */ = {isa = PBXBuildFile; fileRef = E8CD42852495F91B0013AEE7 /* TapChipHorizontalList.xib */; };
		E8CD428A249610240013AEE7 /* GatewayImageCollectionViewCell.swift in Sources */ = {isa = PBXBuildFile; fileRef = E8CD4288249610240013AEE7 /* GatewayImageCollectionViewCell.swift */; };
		E8CD428B249610240013AEE7 /* GatewayImageCollectionViewCell.xib in Resources */ = {isa = PBXBuildFile; fileRef = E8CD4289249610240013AEE7 /* GatewayImageCollectionViewCell.xib */; };
		E8CD428D24961B050013AEE7 /* GenericTapChip.swift in Sources */ = {isa = PBXBuildFile; fileRef = E8CD428C24961B050013AEE7 /* GenericTapChip.swift */; };
		E8E69944249F3F4A007A32FA /* ItemModel.swift in Sources */ = {isa = PBXBuildFile; fileRef = E8E69942249F3F4A007A32FA /* ItemModel.swift */; };
		E8E69945249F3F4A007A32FA /* DiscountModel.swift in Sources */ = {isa = PBXBuildFile; fileRef = E8E69943249F3F4A007A32FA /* DiscountModel.swift */; };
		E8E69948249F49BE007A32FA /* ItemTableViewCell.swift in Sources */ = {isa = PBXBuildFile; fileRef = E8E69946249F49BE007A32FA /* ItemTableViewCell.swift */; };
		E8E69949249F49BE007A32FA /* ItemTableViewCell.xib in Resources */ = {isa = PBXBuildFile; fileRef = E8E69947249F49BE007A32FA /* ItemTableViewCell.xib */; };
		E8E69995249F6446007A32FA /* TapGenericTableCell.swift in Sources */ = {isa = PBXBuildFile; fileRef = E8E69993249F6446007A32FA /* TapGenericTableCell.swift */; };
		E8E69996249F6446007A32FA /* TapGenericTableCell.xib in Resources */ = {isa = PBXBuildFile; fileRef = E8E69994249F6446007A32FA /* TapGenericTableCell.xib */; };
		E8E69998249F645A007A32FA /* TapGenericTableCellViewModel.swift in Sources */ = {isa = PBXBuildFile; fileRef = E8E69997249F645A007A32FA /* TapGenericTableCellViewModel.swift */; };
		E8E92B3A248F5C9000DD7DBB /* TapSeparatorView.swift in Sources */ = {isa = PBXBuildFile; fileRef = E8E92B39248F5C9000DD7DBB /* TapSeparatorView.swift */; };
		E8E92B3C248F5C9700DD7DBB /* TapSeparatorView.xib in Resources */ = {isa = PBXBuildFile; fileRef = E8E92B3B248F5C9700DD7DBB /* TapSeparatorView.xib */; };
		E8E92B3F248F70AA00DD7DBB /* TapSeparatorViewController.swift in Sources */ = {isa = PBXBuildFile; fileRef = E8E92B3E248F70AA00DD7DBB /* TapSeparatorViewController.swift */; };
		E8E92B42248F7AC200DD7DBB /* TapDragHandlerView.swift in Sources */ = {isa = PBXBuildFile; fileRef = E8E92B41248F7AC200DD7DBB /* TapDragHandlerView.swift */; };
		E8E92B44248F7ACA00DD7DBB /* TapDragHandlerView.xib in Resources */ = {isa = PBXBuildFile; fileRef = E8E92B43248F7ACA00DD7DBB /* TapDragHandlerView.xib */; };
		E8E92B49248F977A00DD7DBB /* TapDragHandlerViewController.swift in Sources */ = {isa = PBXBuildFile; fileRef = E8E92B48248F977A00DD7DBB /* TapDragHandlerViewController.swift */; };
		E8E92B4C248FA4DF00DD7DBB /* TapMerchantHeaderView.swift in Sources */ = {isa = PBXBuildFile; fileRef = E8E92B4B248FA4DF00DD7DBB /* TapMerchantHeaderView.swift */; };
		E8E92B4E248FA4E900DD7DBB /* TapMerchantHeaderView.xib in Resources */ = {isa = PBXBuildFile; fileRef = E8E92B4D248FA4E900DD7DBB /* TapMerchantHeaderView.xib */; };
		E8E92B52248FA9BE00DD7DBB /* TapMerchantHeaderViewModel.swift in Sources */ = {isa = PBXBuildFile; fileRef = E8E92B51248FA9BE00DD7DBB /* TapMerchantHeaderViewModel.swift */; };
		E8F779AF248CD7C600215403 /* TapVerticalView.swift in Sources */ = {isa = PBXBuildFile; fileRef = E8F779AE248CD7C600215403 /* TapVerticalView.swift */; };
		E8F779B1248CD7D300215403 /* TapVerticalView.xib in Resources */ = {isa = PBXBuildFile; fileRef = E8F779B0248CD7D300215403 /* TapVerticalView.xib */; };
/* End PBXBuildFile section */

/* Begin PBXContainerItemProxy section */
		E8428E1E2458209400D5A45A /* PBXContainerItemProxy */ = {
			isa = PBXContainerItemProxy;
			containerPortal = E8428DD92456DAF300D5A45A /* Project object */;
			proxyType = 1;
			remoteGlobalIDString = E8428DE12456DAF300D5A45A;
			remoteInfo = "TapUIKit-iOS";
		};
/* End PBXContainerItemProxy section */

/* Begin PBXCopyFilesBuildPhase section */
		E8428E202458209400D5A45A /* Embed Frameworks */ = {
			isa = PBXCopyFilesBuildPhase;
			buildActionMask = 2147483647;
			dstPath = "";
			dstSubfolderSpec = 10;
			files = (
				E8428E1D2458209400D5A45A /* TapUIKit_iOS.framework in Embed Frameworks */,
			);
			name = "Embed Frameworks";
			runOnlyForDeploymentPostprocessing = 0;
		};
		E8428E23245820EF00D5A45A /* Embed Frameworks */ = {
			isa = PBXCopyFilesBuildPhase;
			buildActionMask = 2147483647;
			dstPath = "";
			dstSubfolderSpec = 10;
			files = (
				E8428E22245820EF00D5A45A /* Pods_TapUIKit_iOS.framework in Embed Frameworks */,
			);
			name = "Embed Frameworks";
			runOnlyForDeploymentPostprocessing = 0;
		};
/* End PBXCopyFilesBuildPhase section */

/* Begin PBXFileReference section */
		6F53A5AEE68D2884AE702993 /* Pods-TapUIKit-iOS.debug.xcconfig */ = {isa = PBXFileReference; includeInIndex = 1; lastKnownFileType = text.xcconfig; name = "Pods-TapUIKit-iOS.debug.xcconfig"; path = "Target Support Files/Pods-TapUIKit-iOS/Pods-TapUIKit-iOS.debug.xcconfig"; sourceTree = "<group>"; };
		CBC2C75F993AE43B35B60D62 /* Pods_TapUIKit_iOS.framework */ = {isa = PBXFileReference; explicitFileType = wrapper.framework; includeInIndex = 0; path = Pods_TapUIKit_iOS.framework; sourceTree = BUILT_PRODUCTS_DIR; };
		CE5C8E08297E9489C1273CA2 /* Pods_TapUIKit_Example.framework */ = {isa = PBXFileReference; explicitFileType = wrapper.framework; includeInIndex = 0; path = Pods_TapUIKit_Example.framework; sourceTree = BUILT_PRODUCTS_DIR; };
		DC9E6344249A1CA65DA9FC2F /* Pods-TapUIKit-Example.debug.xcconfig */ = {isa = PBXFileReference; includeInIndex = 1; lastKnownFileType = text.xcconfig; name = "Pods-TapUIKit-Example.debug.xcconfig"; path = "Target Support Files/Pods-TapUIKit-Example/Pods-TapUIKit-Example.debug.xcconfig"; sourceTree = "<group>"; };
		DF4C0BAE4F2FB5B88BFD1BD6 /* Pods-TapUIKit-iOS.release.xcconfig */ = {isa = PBXFileReference; includeInIndex = 1; lastKnownFileType = text.xcconfig; name = "Pods-TapUIKit-iOS.release.xcconfig"; path = "Target Support Files/Pods-TapUIKit-iOS/Pods-TapUIKit-iOS.release.xcconfig"; sourceTree = "<group>"; };
		E809F65E24961F2700670A39 /* GatewayChipViewModel.swift */ = {isa = PBXFileReference; lastKnownFileType = sourcecode.swift; path = GatewayChipViewModel.swift; sourceTree = "<group>"; };
		E809F6602496223B00670A39 /* GenericTapChipViewModel.swift */ = {isa = PBXFileReference; lastKnownFileType = sourcecode.swift; path = GenericTapChipViewModel.swift; sourceTree = "<group>"; };
		E80E8AA22487B6EB009AF18F /* TapBottomSheetDialogViewController.swift */ = {isa = PBXFileReference; lastKnownFileType = sourcecode.swift; path = TapBottomSheetDialogViewController.swift; sourceTree = "<group>"; };
		E80E8AA42487C053009AF18F /* Constants.swift */ = {isa = PBXFileReference; lastKnownFileType = sourcecode.swift; path = Constants.swift; sourceTree = "<group>"; };
		E80E8AA72487C252009AF18F /* TapBottomSheetExampleViewController.swift */ = {isa = PBXFileReference; lastKnownFileType = sourcecode.swift; path = TapBottomSheetExampleViewController.swift; sourceTree = "<group>"; };
		E80E8AA92487CF8D009AF18F /* TapPresentableViewController.swift */ = {isa = PBXFileReference; lastKnownFileType = sourcecode.swift; path = TapPresentableViewController.swift; sourceTree = "<group>"; };
		E80E8AAB2487D1BD009AF18F /* ToPresentAsPopupViewController.swift */ = {isa = PBXFileReference; lastKnownFileType = sourcecode.swift; path = ToPresentAsPopupViewController.swift; sourceTree = "<group>"; };
		E80E8AB024892531009AF18F /* TapPullUpWrapperViewController.xib */ = {isa = PBXFileReference; lastKnownFileType = file.xib; path = TapPullUpWrapperViewController.xib; sourceTree = "<group>"; };
		E80EA58E24974B4900C5C5E1 /* ChipsTestingViewController.swift */ = {isa = PBXFileReference; lastKnownFileType = sourcecode.swift; path = ChipsTestingViewController.swift; sourceTree = "<group>"; };
		E80EA5922497509A00C5C5E1 /* TapChipHorizontalListViewModel.swift */ = {isa = PBXFileReference; lastKnownFileType = sourcecode.swift; path = TapChipHorizontalListViewModel.swift; sourceTree = "<group>"; };
		E82A56B02499ED7A00E3F00D /* SavedCardCollectionViewCell.swift */ = {isa = PBXFileReference; lastKnownFileType = sourcecode.swift; path = SavedCardCollectionViewCell.swift; sourceTree = "<group>"; };
		E82A56B12499ED7A00E3F00D /* SavedCardCollectionViewCell.xib */ = {isa = PBXFileReference; lastKnownFileType = file.xib; path = SavedCardCollectionViewCell.xib; sourceTree = "<group>"; };
		E82A56B42499EDA800E3F00D /* SavedCardCollectionViewCellModel.swift */ = {isa = PBXFileReference; lastKnownFileType = sourcecode.swift; path = SavedCardCollectionViewCellModel.swift; sourceTree = "<group>"; };
		E82A56B7249A3FF400E3F00D /* TapGatewyHorizontalHeaderView.swift */ = {isa = PBXFileReference; lastKnownFileType = sourcecode.swift; path = TapGatewyHorizontalHeaderView.swift; sourceTree = "<group>"; };
		E82A56BA249A401400E3F00D /* TapHorizontalHeaderView.xib */ = {isa = PBXFileReference; lastKnownFileType = file.xib; path = TapHorizontalHeaderView.xib; sourceTree = "<group>"; };
		E82A56BD249B295A00E3F00D /* ApplePayChipCollectionViewCell.swift */ = {isa = PBXFileReference; lastKnownFileType = sourcecode.swift; path = ApplePayChipCollectionViewCell.swift; sourceTree = "<group>"; };
		E82A56BE249B295A00E3F00D /* ApplePayChipCollectionViewCell.xib */ = {isa = PBXFileReference; lastKnownFileType = file.xib; path = ApplePayChipCollectionViewCell.xib; sourceTree = "<group>"; };
		E82A56C1249B2B3800E3F00D /* ApplePayChipViewCellModel.swift */ = {isa = PBXFileReference; lastKnownFileType = sourcecode.swift; path = ApplePayChipViewCellModel.swift; sourceTree = "<group>"; };
		E82A56C3249B2EE300E3F00D /* TapUIKit-Example.entitlements */ = {isa = PBXFileReference; lastKnownFileType = text.plist.entitlements; path = "TapUIKit-Example.entitlements"; sourceTree = "<group>"; };
		E82A56C5249B8A2100E3F00D /* CurrencyChipCollectionViewCell.swift */ = {isa = PBXFileReference; lastKnownFileType = sourcecode.swift; path = CurrencyChipCollectionViewCell.swift; sourceTree = "<group>"; };
		E82A56C6249B8A2100E3F00D /* CurrencyChipCollectionViewCell.xib */ = {isa = PBXFileReference; lastKnownFileType = file.xib; path = CurrencyChipCollectionViewCell.xib; sourceTree = "<group>"; };
		E82A56C9249B8A3C00E3F00D /* CurrencyChipViewModel.swift */ = {isa = PBXFileReference; lastKnownFileType = sourcecode.swift; path = CurrencyChipViewModel.swift; sourceTree = "<group>"; };
		E832E63A24B3320800E2241B /* TapCardInputViewController.swift */ = {isa = PBXFileReference; lastKnownFileType = sourcecode.swift; path = TapCardInputViewController.swift; sourceTree = "<group>"; };
		E835ADB3245850E700E55A68 /* GoogleService-Info.plist */ = {isa = PBXFileReference; fileEncoding = 4; lastKnownFileType = text.plist.xml; path = "GoogleService-Info.plist"; sourceTree = "<group>"; };
		E835ADC12459815D00E55A68 /* tapLogo.png */ = {isa = PBXFileReference; lastKnownFileType = image.png; path = tapLogo.png; sourceTree = "<group>"; };
		E8428DE22456DAF300D5A45A /* TapUIKit_iOS.framework */ = {isa = PBXFileReference; explicitFileType = wrapper.framework; includeInIndex = 0; path = TapUIKit_iOS.framework; sourceTree = BUILT_PRODUCTS_DIR; };
		E8428DE52456DAF300D5A45A /* TapUIKit_iOS.h */ = {isa = PBXFileReference; lastKnownFileType = sourcecode.c.h; path = TapUIKit_iOS.h; sourceTree = "<group>"; };
		E8428DE62456DAF300D5A45A /* Info.plist */ = {isa = PBXFileReference; lastKnownFileType = text.plist.xml; path = Info.plist; sourceTree = "<group>"; };
		E8428DF12456DB3200D5A45A /* TapUIKit-Example.app */ = {isa = PBXFileReference; explicitFileType = wrapper.application; includeInIndex = 0; path = "TapUIKit-Example.app"; sourceTree = BUILT_PRODUCTS_DIR; };
		E8428DF32456DB3200D5A45A /* AppDelegate.swift */ = {isa = PBXFileReference; lastKnownFileType = sourcecode.swift; path = AppDelegate.swift; sourceTree = "<group>"; };
		E8428DF52456DB3200D5A45A /* SceneDelegate.swift */ = {isa = PBXFileReference; lastKnownFileType = sourcecode.swift; path = SceneDelegate.swift; sourceTree = "<group>"; };
		E8428DF72456DB3200D5A45A /* ViewController.swift */ = {isa = PBXFileReference; lastKnownFileType = sourcecode.swift; path = ViewController.swift; sourceTree = "<group>"; };
		E8428DFA2456DB3200D5A45A /* Base */ = {isa = PBXFileReference; lastKnownFileType = file.storyboard; name = Base; path = Base.lproj/Main.storyboard; sourceTree = "<group>"; };
		E8428DFC2456DB3200D5A45A /* Assets.xcassets */ = {isa = PBXFileReference; lastKnownFileType = folder.assetcatalog; path = Assets.xcassets; sourceTree = "<group>"; };
		E8428DFF2456DB3200D5A45A /* Base */ = {isa = PBXFileReference; lastKnownFileType = file.storyboard; name = Base; path = Base.lproj/LaunchScreen.storyboard; sourceTree = "<group>"; };
		E8428E012456DB3200D5A45A /* Info.plist */ = {isa = PBXFileReference; lastKnownFileType = text.plist.xml; path = Info.plist; sourceTree = "<group>"; };
		E8428E0F2457F8D900D5A45A /* TapUIExtensions.swift */ = {isa = PBXFileReference; lastKnownFileType = sourcecode.swift; path = TapUIExtensions.swift; sourceTree = "<group>"; };
		E8428E122457FDFC00D5A45A /* DefaultDarkTheme.json */ = {isa = PBXFileReference; fileEncoding = 4; lastKnownFileType = text.json; path = DefaultDarkTheme.json; sourceTree = "<group>"; };
		E8428E132457FDFC00D5A45A /* DefaultLightTheme.json */ = {isa = PBXFileReference; fileEncoding = 4; lastKnownFileType = text.json; path = DefaultLightTheme.json; sourceTree = "<group>"; };
		E8670CBA24988FAF003F87D8 /* TapGoPayChipCollectionViewCell.swift */ = {isa = PBXFileReference; lastKnownFileType = sourcecode.swift; path = TapGoPayChipCollectionViewCell.swift; sourceTree = "<group>"; };
		E8670CBB24988FAF003F87D8 /* TapGoPayChipCollectionViewCell.xib */ = {isa = PBXFileReference; lastKnownFileType = file.xib; path = TapGoPayChipCollectionViewCell.xib; sourceTree = "<group>"; };
		E8670CBE2498A678003F87D8 /* TapGoPayViewModel.swift */ = {isa = PBXFileReference; lastKnownFileType = sourcecode.swift; path = TapGoPayViewModel.swift; sourceTree = "<group>"; };
		E8670CC02498AFCB003F87D8 /* goPayIcon.pdf */ = {isa = PBXFileReference; lastKnownFileType = image.pdf; path = goPayIcon.pdf; sourceTree = "<group>"; };
		E8670CC22498B000003F87D8 /* tap.png */ = {isa = PBXFileReference; lastKnownFileType = image.png; path = tap.png; sourceTree = "<group>"; };
		E8670CC32498B000003F87D8 /* tap@2x.png */ = {isa = PBXFileReference; lastKnownFileType = image.png; path = "tap@2x.png"; sourceTree = "<group>"; };
		E8670CC42498B000003F87D8 /* tap@3x.png */ = {isa = PBXFileReference; lastKnownFileType = image.png; path = "tap@3x.png"; sourceTree = "<group>"; };
		E87CEA47248FBFBC002F2332 /* TapMerchantHeaderViewController.swift */ = {isa = PBXFileReference; lastKnownFileType = sourcecode.swift; path = TapMerchantHeaderViewController.swift; sourceTree = "<group>"; };
		E87E09DF24A878BC004A7A46 /* TapCardPhoneIconView.swift */ = {isa = PBXFileReference; lastKnownFileType = sourcecode.swift; path = TapCardPhoneIconView.swift; sourceTree = "<group>"; };
		E87E09E124A878C6004A7A46 /* TapCardPhoneIconView.xib */ = {isa = PBXFileReference; lastKnownFileType = file.xib; path = TapCardPhoneIconView.xib; sourceTree = "<group>"; };
		E87E09E324A8840E004A7A46 /* TapCardPhoneIconViewModel.swift */ = {isa = PBXFileReference; lastKnownFileType = sourcecode.swift; path = TapCardPhoneIconViewModel.swift; sourceTree = "<group>"; };
		E87E09E624A89D9E004A7A46 /* TapCardPhoneIconViewController.swift */ = {isa = PBXFileReference; lastKnownFileType = sourcecode.swift; path = TapCardPhoneIconViewController.swift; sourceTree = "<group>"; };
		E87E09E924A8C3BE004A7A46 /* TapBlackWhiteImage.swift */ = {isa = PBXFileReference; lastKnownFileType = sourcecode.swift; path = TapBlackWhiteImage.swift; sourceTree = "<group>"; };
		E8861D34249F6CC30002FEDE /* TapGenericTableView.swift */ = {isa = PBXFileReference; lastKnownFileType = sourcecode.swift; path = TapGenericTableView.swift; sourceTree = "<group>"; };
		E8861D36249F6CCE0002FEDE /* TapGenericTableView.xib */ = {isa = PBXFileReference; lastKnownFileType = file.xib; path = TapGenericTableView.xib; sourceTree = "<group>"; };
		E8861D38249F74C20002FEDE /* TapGenericTableViewModel.swift */ = {isa = PBXFileReference; lastKnownFileType = sourcecode.swift; path = TapGenericTableViewModel.swift; sourceTree = "<group>"; };
		E8861D3A249F75D60002FEDE /* ItemCellViewModel.swift */ = {isa = PBXFileReference; lastKnownFileType = sourcecode.swift; path = ItemCellViewModel.swift; sourceTree = "<group>"; };
		E8861D3F249FA8C20002FEDE /* ItemCellViewController.swift */ = {isa = PBXFileReference; lastKnownFileType = sourcecode.swift; path = ItemCellViewController.swift; sourceTree = "<group>"; };
		E897499224B47B2900399C4B /* TapCardTelecomPaymentView.swift */ = {isa = PBXFileReference; lastKnownFileType = sourcecode.swift; path = TapCardTelecomPaymentView.swift; sourceTree = "<group>"; };
		E897499424B47B4100399C4B /* TapCardTelecomPaymentView.xib */ = {isa = PBXFileReference; lastKnownFileType = file.xib; path = TapCardTelecomPaymentView.xib; sourceTree = "<group>"; };
		E8A57AA224A9B27E00C1B6CD /* TapCardPhoneBarList.swift */ = {isa = PBXFileReference; lastKnownFileType = sourcecode.swift; path = TapCardPhoneBarList.swift; sourceTree = "<group>"; };
		E8A57AA424A9B28900C1B6CD /* TapCardPhoneBarList.xib */ = {isa = PBXFileReference; lastKnownFileType = file.xib; path = TapCardPhoneBarList.xib; sourceTree = "<group>"; };
		E8A57AA624A9C16500C1B6CD /* TapCardPhoneBarListViewModel.swift */ = {isa = PBXFileReference; lastKnownFileType = sourcecode.swift; path = TapCardPhoneBarListViewModel.swift; sourceTree = "<group>"; };
		E8A57AA824A9CCE200C1B6CD /* TapCardPhoneBarListViewController.swift */ = {isa = PBXFileReference; lastKnownFileType = sourcecode.swift; path = TapCardPhoneBarListViewController.swift; sourceTree = "<group>"; };
		E8AE0DF0245AFED3007AAE1F /* TapGoPayCollectionViewCell.xib */ = {isa = PBXFileReference; lastKnownFileType = file.xib; path = TapGoPayCollectionViewCell.xib; sourceTree = "<group>"; };
		E8AE0DF4245B0160007AAE1F /* TapRecentCardCollectionViewCell.xib */ = {isa = PBXFileReference; lastKnownFileType = file.xib; path = TapRecentCardCollectionViewCell.xib; sourceTree = "<group>"; };
		E8AE0DFA245B1073007AAE1F /* TapSeparatorCollectionViewCell.xib */ = {isa = PBXFileReference; lastKnownFileType = file.xib; path = TapSeparatorCollectionViewCell.xib; sourceTree = "<group>"; };
		E8AE0DFF245B620F007AAE1F /* separator.png */ = {isa = PBXFileReference; lastKnownFileType = image.png; path = separator.png; sourceTree = "<group>"; };
		E8C590922490A27000E03424 /* ExampleWallOfGloryViewController.swift */ = {isa = PBXFileReference; lastKnownFileType = sourcecode.swift; path = ExampleWallOfGloryViewController.swift; sourceTree = "<group>"; };
		E8C590FA24922AF600E03424 /* TapAmountSectionViewModel.swift */ = {isa = PBXFileReference; lastKnownFileType = sourcecode.swift; path = TapAmountSectionViewModel.swift; sourceTree = "<group>"; };
		E8C590FE249293E200E03424 /* TapAmountSectionView.swift */ = {isa = PBXFileReference; lastKnownFileType = sourcecode.swift; path = TapAmountSectionView.swift; sourceTree = "<group>"; };
		E8C59100249293EA00E03424 /* TapAmountSectionView.xib */ = {isa = PBXFileReference; lastKnownFileType = file.xib; path = TapAmountSectionView.xib; sourceTree = "<group>"; };
		E8C5910324936C6E00E03424 /* TapAmountSectionViewController.swift */ = {isa = PBXFileReference; lastKnownFileType = sourcecode.swift; path = TapAmountSectionViewController.swift; sourceTree = "<group>"; };
		E8CD42832495F9130013AEE7 /* TapChipHorizontalList.swift */ = {isa = PBXFileReference; lastKnownFileType = sourcecode.swift; path = TapChipHorizontalList.swift; sourceTree = "<group>"; };
		E8CD42852495F91B0013AEE7 /* TapChipHorizontalList.xib */ = {isa = PBXFileReference; lastKnownFileType = file.xib; path = TapChipHorizontalList.xib; sourceTree = "<group>"; };
		E8CD4288249610240013AEE7 /* GatewayImageCollectionViewCell.swift */ = {isa = PBXFileReference; lastKnownFileType = sourcecode.swift; path = GatewayImageCollectionViewCell.swift; sourceTree = "<group>"; };
		E8CD4289249610240013AEE7 /* GatewayImageCollectionViewCell.xib */ = {isa = PBXFileReference; lastKnownFileType = file.xib; path = GatewayImageCollectionViewCell.xib; sourceTree = "<group>"; };
		E8CD428C24961B050013AEE7 /* GenericTapChip.swift */ = {isa = PBXFileReference; lastKnownFileType = sourcecode.swift; path = GenericTapChip.swift; sourceTree = "<group>"; };
		E8E69942249F3F4A007A32FA /* ItemModel.swift */ = {isa = PBXFileReference; fileEncoding = 4; lastKnownFileType = sourcecode.swift; path = ItemModel.swift; sourceTree = "<group>"; };
		E8E69943249F3F4A007A32FA /* DiscountModel.swift */ = {isa = PBXFileReference; fileEncoding = 4; lastKnownFileType = sourcecode.swift; path = DiscountModel.swift; sourceTree = "<group>"; };
		E8E69946249F49BE007A32FA /* ItemTableViewCell.swift */ = {isa = PBXFileReference; lastKnownFileType = sourcecode.swift; path = ItemTableViewCell.swift; sourceTree = "<group>"; };
		E8E69947249F49BE007A32FA /* ItemTableViewCell.xib */ = {isa = PBXFileReference; lastKnownFileType = file.xib; path = ItemTableViewCell.xib; sourceTree = "<group>"; };
		E8E69993249F6446007A32FA /* TapGenericTableCell.swift */ = {isa = PBXFileReference; lastKnownFileType = sourcecode.swift; path = TapGenericTableCell.swift; sourceTree = "<group>"; };
		E8E69994249F6446007A32FA /* TapGenericTableCell.xib */ = {isa = PBXFileReference; lastKnownFileType = file.xib; path = TapGenericTableCell.xib; sourceTree = "<group>"; };
		E8E69997249F645A007A32FA /* TapGenericTableCellViewModel.swift */ = {isa = PBXFileReference; lastKnownFileType = sourcecode.swift; path = TapGenericTableCellViewModel.swift; sourceTree = "<group>"; };
		E8E92B39248F5C9000DD7DBB /* TapSeparatorView.swift */ = {isa = PBXFileReference; lastKnownFileType = sourcecode.swift; path = TapSeparatorView.swift; sourceTree = "<group>"; };
		E8E92B3B248F5C9700DD7DBB /* TapSeparatorView.xib */ = {isa = PBXFileReference; lastKnownFileType = file.xib; path = TapSeparatorView.xib; sourceTree = "<group>"; };
		E8E92B3E248F70AA00DD7DBB /* TapSeparatorViewController.swift */ = {isa = PBXFileReference; lastKnownFileType = sourcecode.swift; path = TapSeparatorViewController.swift; sourceTree = "<group>"; };
		E8E92B41248F7AC200DD7DBB /* TapDragHandlerView.swift */ = {isa = PBXFileReference; lastKnownFileType = sourcecode.swift; path = TapDragHandlerView.swift; sourceTree = "<group>"; };
		E8E92B43248F7ACA00DD7DBB /* TapDragHandlerView.xib */ = {isa = PBXFileReference; lastKnownFileType = file.xib; path = TapDragHandlerView.xib; sourceTree = "<group>"; };
		E8E92B48248F977A00DD7DBB /* TapDragHandlerViewController.swift */ = {isa = PBXFileReference; lastKnownFileType = sourcecode.swift; path = TapDragHandlerViewController.swift; sourceTree = "<group>"; };
		E8E92B4B248FA4DF00DD7DBB /* TapMerchantHeaderView.swift */ = {isa = PBXFileReference; lastKnownFileType = sourcecode.swift; path = TapMerchantHeaderView.swift; sourceTree = "<group>"; };
		E8E92B4D248FA4E900DD7DBB /* TapMerchantHeaderView.xib */ = {isa = PBXFileReference; lastKnownFileType = file.xib; path = TapMerchantHeaderView.xib; sourceTree = "<group>"; };
		E8E92B51248FA9BE00DD7DBB /* TapMerchantHeaderViewModel.swift */ = {isa = PBXFileReference; lastKnownFileType = sourcecode.swift; path = TapMerchantHeaderViewModel.swift; sourceTree = "<group>"; };
		E8F779AE248CD7C600215403 /* TapVerticalView.swift */ = {isa = PBXFileReference; lastKnownFileType = sourcecode.swift; path = TapVerticalView.swift; sourceTree = "<group>"; };
		E8F779B0248CD7D300215403 /* TapVerticalView.xib */ = {isa = PBXFileReference; lastKnownFileType = file.xib; path = TapVerticalView.xib; sourceTree = "<group>"; };
		F994CF54E35C96648139E52F /* Pods-TapUIKit-Example.release.xcconfig */ = {isa = PBXFileReference; includeInIndex = 1; lastKnownFileType = text.xcconfig; name = "Pods-TapUIKit-Example.release.xcconfig"; path = "Target Support Files/Pods-TapUIKit-Example/Pods-TapUIKit-Example.release.xcconfig"; sourceTree = "<group>"; };
/* End PBXFileReference section */

/* Begin PBXFrameworksBuildPhase section */
		E8428DDF2456DAF300D5A45A /* Frameworks */ = {
			isa = PBXFrameworksBuildPhase;
			buildActionMask = 2147483647;
			files = (
				E8428E21245820EF00D5A45A /* Pods_TapUIKit_iOS.framework in Frameworks */,
			);
			runOnlyForDeploymentPostprocessing = 0;
		};
		E8428DEE2456DB3200D5A45A /* Frameworks */ = {
			isa = PBXFrameworksBuildPhase;
			buildActionMask = 2147483647;
			files = (
				787453BF44F27DA80BB187B5 /* Pods_TapUIKit_Example.framework in Frameworks */,
				E8428E1C2458209400D5A45A /* TapUIKit_iOS.framework in Frameworks */,
			);
			runOnlyForDeploymentPostprocessing = 0;
		};
/* End PBXFrameworksBuildPhase section */

/* Begin PBXGroup section */
		A1057834EC965C7C3A18355D /* Frameworks */ = {
			isa = PBXGroup;
			children = (
				CE5C8E08297E9489C1273CA2 /* Pods_TapUIKit_Example.framework */,
				CBC2C75F993AE43B35B60D62 /* Pods_TapUIKit_iOS.framework */,
			);
			name = Frameworks;
			sourceTree = "<group>";
		};
		D16D7E1C3BA1C41CC7BC3554 /* Pods */ = {
			isa = PBXGroup;
			children = (
				DC9E6344249A1CA65DA9FC2F /* Pods-TapUIKit-Example.debug.xcconfig */,
				F994CF54E35C96648139E52F /* Pods-TapUIKit-Example.release.xcconfig */,
				6F53A5AEE68D2884AE702993 /* Pods-TapUIKit-iOS.debug.xcconfig */,
				DF4C0BAE4F2FB5B88BFD1BD6 /* Pods-TapUIKit-iOS.release.xcconfig */,
			);
			path = Pods;
			sourceTree = "<group>";
		};
		E809F65D24961F1400670A39 /* GatewayChip */ = {
			isa = PBXGroup;
			children = (
				E8CD4288249610240013AEE7 /* GatewayImageCollectionViewCell.swift */,
				E809F65E24961F2700670A39 /* GatewayChipViewModel.swift */,
			);
			path = GatewayChip;
			sourceTree = "<group>";
		};
		E80E8AA12487B6A1009AF18F /* TapBottomSheetDialog */ = {
			isa = PBXGroup;
			children = (
				E80E8AA22487B6EB009AF18F /* TapBottomSheetDialogViewController.swift */,
				E80E8AA92487CF8D009AF18F /* TapPresentableViewController.swift */,
			);
			path = TapBottomSheetDialog;
			sourceTree = "<group>";
		};
		E80E8AA62487C1FF009AF18F /* TapBottomSheetDialog */ = {
			isa = PBXGroup;
			children = (
				E80E8AA72487C252009AF18F /* TapBottomSheetExampleViewController.swift */,
				E80E8AAB2487D1BD009AF18F /* ToPresentAsPopupViewController.swift */,
			);
			path = TapBottomSheetDialog;
			sourceTree = "<group>";
		};
		E80EA5902497507D00C5C5E1 /* Views */ = {
			isa = PBXGroup;
			children = (
				E8CD42832495F9130013AEE7 /* TapChipHorizontalList.swift */,
				E82A56B7249A3FF400E3F00D /* TapGatewyHorizontalHeaderView.swift */,
			);
			name = Views;
			sourceTree = "<group>";
		};
		E80EA5912497508800C5C5E1 /* ViewModel */ = {
			isa = PBXGroup;
			children = (
				E80EA5922497509A00C5C5E1 /* TapChipHorizontalListViewModel.swift */,
			);
			name = ViewModel;
			sourceTree = "<group>";
		};
		E82A56AF2499ED4D00E3F00D /* SavedCardChip */ = {
			isa = PBXGroup;
			children = (
				E82A56B02499ED7A00E3F00D /* SavedCardCollectionViewCell.swift */,
				E82A56B42499EDA800E3F00D /* SavedCardCollectionViewCellModel.swift */,
			);
			path = SavedCardChip;
			sourceTree = "<group>";
		};
		E82A56B6249A1E2000E3F00D /* GenericTapChip */ = {
			isa = PBXGroup;
			children = (
				E8CD428C24961B050013AEE7 /* GenericTapChip.swift */,
				E809F6602496223B00670A39 /* GenericTapChipViewModel.swift */,
			);
			path = GenericTapChip;
			sourceTree = "<group>";
		};
		E82A56BC249B293600E3F00D /* ApplePayChip */ = {
			isa = PBXGroup;
			children = (
				E82A56BD249B295A00E3F00D /* ApplePayChipCollectionViewCell.swift */,
				E82A56C1249B2B3800E3F00D /* ApplePayChipViewCellModel.swift */,
			);
			path = ApplePayChip;
			sourceTree = "<group>";
		};
		E82A56C4249B8A0500E3F00D /* CurrencyChip */ = {
			isa = PBXGroup;
			children = (
				E82A56C5249B8A2100E3F00D /* CurrencyChipCollectionViewCell.swift */,
				E82A56C9249B8A3C00E3F00D /* CurrencyChipViewModel.swift */,
			);
			path = CurrencyChip;
			sourceTree = "<group>";
		};
		E832E63924B331F200E2241B /* TapCardInput */ = {
			isa = PBXGroup;
			children = (
				E832E63A24B3320800E2241B /* TapCardInputViewController.swift */,
			);
			path = TapCardInput;
			sourceTree = "<group>";
		};
		E8428DD82456DAF300D5A45A = {
			isa = PBXGroup;
			children = (
				E8428DE42456DAF300D5A45A /* TapUIKit-iOS */,
				E8428DF22456DB3200D5A45A /* TapUIKit-Example */,
				E8428DE32456DAF300D5A45A /* Products */,
				D16D7E1C3BA1C41CC7BC3554 /* Pods */,
				A1057834EC965C7C3A18355D /* Frameworks */,
			);
			sourceTree = "<group>";
		};
		E8428DE32456DAF300D5A45A /* Products */ = {
			isa = PBXGroup;
			children = (
				E8428DE22456DAF300D5A45A /* TapUIKit_iOS.framework */,
				E8428DF12456DB3200D5A45A /* TapUIKit-Example.app */,
			);
			name = Products;
			sourceTree = "<group>";
		};
		E8428DE42456DAF300D5A45A /* TapUIKit-iOS */ = {
			isa = PBXGroup;
			children = (
				E8428E052456DBB500D5A45A /* Core */,
				E8428DE52456DAF300D5A45A /* TapUIKit_iOS.h */,
				E8428DE62456DAF300D5A45A /* Info.plist */,
			);
			path = "TapUIKit-iOS";
			sourceTree = "<group>";
		};
		E8428DF22456DB3200D5A45A /* TapUIKit-Example */ = {
			isa = PBXGroup;
			children = (
				E832E63924B331F200E2241B /* TapCardInput */,
				E87E09E524A89D2B004A7A46 /* TapCardPhone bar */,
				E8861D3E249FA8A40002FEDE /* CellsTesting */,
				E82A56C3249B2EE300E3F00D /* TapUIKit-Example.entitlements */,
				E8C5910224936C4F00E03424 /* TapAmountSectionView */,
				E8C5908F2490A21A00E03424 /* WallOfGloryExample */,
				E87CEA46248FBFA3002F2332 /* TapMerchantHeaderView */,
				E8E92B47248F976300DD7DBB /* TapHandlerView */,
				E8E92B3D248F708700DD7DBB /* TapSeparatorView */,
				E80E8AA62487C1FF009AF18F /* TapBottomSheetDialog */,
				E8861D3D249FA8950002FEDE /* ChipsTesting */,
				E835ADB3245850E700E55A68 /* GoogleService-Info.plist */,
				E8428DF32456DB3200D5A45A /* AppDelegate.swift */,
				E8428DF52456DB3200D5A45A /* SceneDelegate.swift */,
				E8428DF72456DB3200D5A45A /* ViewController.swift */,
				E8428DF92456DB3200D5A45A /* Main.storyboard */,
				E8428DFC2456DB3200D5A45A /* Assets.xcassets */,
				E8428DFE2456DB3200D5A45A /* LaunchScreen.storyboard */,
				E8428E012456DB3200D5A45A /* Info.plist */,
			);
			path = "TapUIKit-Example";
			sourceTree = "<group>";
		};
		E8428E052456DBB500D5A45A /* Core */ = {
			isa = PBXGroup;
			children = (
				E897498F24B47AEE00399C4B /* TapCardTelecomPayment */,
				E87E09DC24A87762004A7A46 /* TapCardsTelecomBar */,
				E8E69999249F6761007A32FA /* TapGenericTableView */,
				E8E6993E249F3F20007A32FA /* TapItemsSectionView */,
				E8CD427F2495F7650013AEE7 /* TapChip */,
				E8C590F724921AEB00E03424 /* TapAmountSectionView */,
				E8E92B4A248FA4BE00DD7DBB /* TapMerchantHeaderView */,
				E8E92B40248F7AAE00DD7DBB /* TapDragHandlerView */,
				E8E92B38248F5C7800DD7DBB /* TapSeparatorView */,
				E8F779A9248CD60400215403 /* TapVerticalViewController */,
				E80E8AA12487B6A1009AF18F /* TapBottomSheetDialog */,
				E8428E112457FDE600D5A45A /* Assets */,
				E8428E0E2457F8C000D5A45A /* Extensions */,
			);
			path = Core;
			sourceTree = "<group>";
		};
		E8428E0E2457F8C000D5A45A /* Extensions */ = {
			isa = PBXGroup;
			children = (
				E8428E0F2457F8D900D5A45A /* TapUIExtensions.swift */,
				E80E8AA42487C053009AF18F /* Constants.swift */,
			);
			path = Extensions;
			sourceTree = "<group>";
		};
		E8428E112457FDE600D5A45A /* Assets */ = {
			isa = PBXGroup;
			children = (
				E8E69994249F6446007A32FA /* TapGenericTableCell.xib */,
				E8861D36249F6CCE0002FEDE /* TapGenericTableView.xib */,
				E8E69947249F49BE007A32FA /* ItemTableViewCell.xib */,
				E82A56C6249B8A2100E3F00D /* CurrencyChipCollectionViewCell.xib */,
				E82A56BE249B295A00E3F00D /* ApplePayChipCollectionViewCell.xib */,
				E82A56B12499ED7A00E3F00D /* SavedCardCollectionViewCell.xib */,
				E8670CBB24988FAF003F87D8 /* TapGoPayChipCollectionViewCell.xib */,
				E8CD4289249610240013AEE7 /* GatewayImageCollectionViewCell.xib */,
				E8CD42852495F91B0013AEE7 /* TapChipHorizontalList.xib */,
				E8C59100249293EA00E03424 /* TapAmountSectionView.xib */,
				E8E92B4D248FA4E900DD7DBB /* TapMerchantHeaderView.xib */,
				E8E92B43248F7ACA00DD7DBB /* TapDragHandlerView.xib */,
				E8E92B3B248F5C9700DD7DBB /* TapSeparatorView.xib */,
				E8F779B0248CD7D300215403 /* TapVerticalView.xib */,
				E8670CC22498B000003F87D8 /* tap.png */,
				E8670CC32498B000003F87D8 /* tap@2x.png */,
				E8670CC42498B000003F87D8 /* tap@3x.png */,
				E8670CC02498AFCB003F87D8 /* goPayIcon.pdf */,
				E835ADC12459815D00E55A68 /* tapLogo.png */,
				E8428E122457FDFC00D5A45A /* DefaultDarkTheme.json */,
				E8428E132457FDFC00D5A45A /* DefaultLightTheme.json */,
				E8AE0DFF245B620F007AAE1F /* separator.png */,
				E8AE0DF0245AFED3007AAE1F /* TapGoPayCollectionViewCell.xib */,
				E8AE0DF4245B0160007AAE1F /* TapRecentCardCollectionViewCell.xib */,
				E8AE0DFA245B1073007AAE1F /* TapSeparatorCollectionViewCell.xib */,
				E80E8AB024892531009AF18F /* TapPullUpWrapperViewController.xib */,
				E82A56BA249A401400E3F00D /* TapHorizontalHeaderView.xib */,
				E87E09E124A878C6004A7A46 /* TapCardPhoneIconView.xib */,
				E8A57AA424A9B28900C1B6CD /* TapCardPhoneBarList.xib */,
				E897499424B47B4100399C4B /* TapCardTelecomPaymentView.xib */,
			);
			path = Assets;
			sourceTree = "<group>";
		};
		E8670CB924988F85003F87D8 /* GoPayyChip */ = {
			isa = PBXGroup;
			children = (
				E8670CBA24988FAF003F87D8 /* TapGoPayChipCollectionViewCell.swift */,
				E8670CBE2498A678003F87D8 /* TapGoPayViewModel.swift */,
			);
			path = GoPayyChip;
			sourceTree = "<group>";
		};
		E87CEA46248FBFA3002F2332 /* TapMerchantHeaderView */ = {
			isa = PBXGroup;
			children = (
				E87CEA47248FBFBC002F2332 /* TapMerchantHeaderViewController.swift */,
			);
			path = TapMerchantHeaderView;
			sourceTree = "<group>";
		};
		E87E09DC24A87762004A7A46 /* TapCardsTelecomBar */ = {
			isa = PBXGroup;
			children = (
				E87E09DE24A87779004A7A46 /* ViewModels */,
				E87E09DD24A87775004A7A46 /* Views */,
			);
			path = TapCardsTelecomBar;
			sourceTree = "<group>";
		};
		E87E09DD24A87775004A7A46 /* Views */ = {
			isa = PBXGroup;
			children = (
				E87E09DF24A878BC004A7A46 /* TapCardPhoneIconView.swift */,
				E87E09E924A8C3BE004A7A46 /* TapBlackWhiteImage.swift */,
				E8A57AA224A9B27E00C1B6CD /* TapCardPhoneBarList.swift */,
			);
			path = Views;
			sourceTree = "<group>";
		};
		E87E09DE24A87779004A7A46 /* ViewModels */ = {
			isa = PBXGroup;
			children = (
				E87E09E324A8840E004A7A46 /* TapCardPhoneIconViewModel.swift */,
				E8A57AA624A9C16500C1B6CD /* TapCardPhoneBarListViewModel.swift */,
			);
			path = ViewModels;
			sourceTree = "<group>";
		};
		E87E09E524A89D2B004A7A46 /* TapCardPhone bar */ = {
			isa = PBXGroup;
			children = (
				E87E09E624A89D9E004A7A46 /* TapCardPhoneIconViewController.swift */,
				E8A57AA824A9CCE200C1B6CD /* TapCardPhoneBarListViewController.swift */,
			);
			path = "TapCardPhone bar";
			sourceTree = "<group>";
		};
		E8861D3C249F87530002FEDE /* TapItemCell */ = {
			isa = PBXGroup;
			children = (
			);
			path = TapItemCell;
			sourceTree = "<group>";
		};
		E8861D3D249FA8950002FEDE /* ChipsTesting */ = {
			isa = PBXGroup;
			children = (
				E80EA58E24974B4900C5C5E1 /* ChipsTestingViewController.swift */,
			);
			path = ChipsTesting;
			sourceTree = "<group>";
		};
		E8861D3E249FA8A40002FEDE /* CellsTesting */ = {
			isa = PBXGroup;
			children = (
				E8861D3F249FA8C20002FEDE /* ItemCellViewController.swift */,
			);
			path = CellsTesting;
			sourceTree = "<group>";
		};
		E897498F24B47AEE00399C4B /* TapCardTelecomPayment */ = {
			isa = PBXGroup;
			children = (
				E897499124B47B0500399C4B /* ViewModel */,
				E897499024B47B0000399C4B /* Views */,
			);
			path = TapCardTelecomPayment;
			sourceTree = "<group>";
		};
		E897499024B47B0000399C4B /* Views */ = {
			isa = PBXGroup;
			children = (
				E897499224B47B2900399C4B /* TapCardTelecomPaymentView.swift */,
			);
			path = Views;
			sourceTree = "<group>";
		};
		E897499124B47B0500399C4B /* ViewModel */ = {
			isa = PBXGroup;
			children = (
			);
			path = ViewModel;
			sourceTree = "<group>";
		};
		E8C5908F2490A21A00E03424 /* WallOfGloryExample */ = {
			isa = PBXGroup;
			children = (
				E8C590922490A27000E03424 /* ExampleWallOfGloryViewController.swift */,
			);
			path = WallOfGloryExample;
			sourceTree = "<group>";
		};
		E8C590F724921AEB00E03424 /* TapAmountSectionView */ = {
			isa = PBXGroup;
			children = (
				E8C590F924922AEA00E03424 /* Views */,
				E8C590F824922AE500E03424 /* ViewModels */,
			);
			path = TapAmountSectionView;
			sourceTree = "<group>";
		};
		E8C590F824922AE500E03424 /* ViewModels */ = {
			isa = PBXGroup;
			children = (
				E8C590FA24922AF600E03424 /* TapAmountSectionViewModel.swift */,
			);
			path = ViewModels;
			sourceTree = "<group>";
		};
		E8C590F924922AEA00E03424 /* Views */ = {
			isa = PBXGroup;
			children = (
				E8C590FE249293E200E03424 /* TapAmountSectionView.swift */,
			);
			path = Views;
			sourceTree = "<group>";
		};
		E8C5910224936C4F00E03424 /* TapAmountSectionView */ = {
			isa = PBXGroup;
			children = (
				E8C5910324936C6E00E03424 /* TapAmountSectionViewController.swift */,
			);
			path = TapAmountSectionView;
			sourceTree = "<group>";
		};
		E8CD427F2495F7650013AEE7 /* TapChip */ = {
			isa = PBXGroup;
			children = (
				E8CD42802495F7710013AEE7 /* Views */,
			);
			path = TapChip;
			sourceTree = "<group>";
		};
		E8CD42802495F7710013AEE7 /* Views */ = {
			isa = PBXGroup;
			children = (
				E8CD4287249610020013AEE7 /* Chips */,
				E8CD42822495F8D50013AEE7 /* HorizontalList */,
			);
			path = Views;
			sourceTree = "<group>";
		};
		E8CD42822495F8D50013AEE7 /* HorizontalList */ = {
			isa = PBXGroup;
			children = (
				E80EA5912497508800C5C5E1 /* ViewModel */,
				E80EA5902497507D00C5C5E1 /* Views */,
			);
			path = HorizontalList;
			sourceTree = "<group>";
		};
		E8CD4287249610020013AEE7 /* Chips */ = {
			isa = PBXGroup;
			children = (
				E82A56C4249B8A0500E3F00D /* CurrencyChip */,
				E82A56BC249B293600E3F00D /* ApplePayChip */,
				E82A56AF2499ED4D00E3F00D /* SavedCardChip */,
				E8670CB924988F85003F87D8 /* GoPayyChip */,
				E809F65D24961F1400670A39 /* GatewayChip */,
				E82A56B6249A1E2000E3F00D /* GenericTapChip */,
			);
			path = Chips;
			sourceTree = "<group>";
		};
		E8E6993E249F3F20007A32FA /* TapItemsSectionView */ = {
			isa = PBXGroup;
			children = (
				E8E69941249F3F39007A32FA /* Views */,
				E8E69940249F3F34007A32FA /* ViewModels */,
				E8E6993F249F3F2B007A32FA /* Models */,
			);
			path = TapItemsSectionView;
			sourceTree = "<group>";
		};
		E8E6993F249F3F2B007A32FA /* Models */ = {
			isa = PBXGroup;
			children = (
				E8E69943249F3F4A007A32FA /* DiscountModel.swift */,
				E8E69942249F3F4A007A32FA /* ItemModel.swift */,
			);
			path = Models;
			sourceTree = "<group>";
		};
		E8E69940249F3F34007A32FA /* ViewModels */ = {
			isa = PBXGroup;
			children = (
				E8861D3A249F75D60002FEDE /* ItemCellViewModel.swift */,
			);
			path = ViewModels;
			sourceTree = "<group>";
		};
		E8E69941249F3F39007A32FA /* Views */ = {
			isa = PBXGroup;
			children = (
				E8E69946249F49BE007A32FA /* ItemTableViewCell.swift */,
			);
			path = Views;
			sourceTree = "<group>";
		};
		E8E69992249F6430007A32FA /* TapGenericTableCell */ = {
			isa = PBXGroup;
			children = (
				E8E69993249F6446007A32FA /* TapGenericTableCell.swift */,
				E8E69997249F645A007A32FA /* TapGenericTableCellViewModel.swift */,
			);
			path = TapGenericTableCell;
			sourceTree = "<group>";
		};
		E8E69999249F6761007A32FA /* TapGenericTableView */ = {
			isa = PBXGroup;
			children = (
				E8861D3C249F87530002FEDE /* TapItemCell */,
				E8E69992249F6430007A32FA /* TapGenericTableCell */,
				E8861D34249F6CC30002FEDE /* TapGenericTableView.swift */,
				E8861D38249F74C20002FEDE /* TapGenericTableViewModel.swift */,
			);
			path = TapGenericTableView;
			sourceTree = "<group>";
		};
		E8E92B38248F5C7800DD7DBB /* TapSeparatorView */ = {
			isa = PBXGroup;
			children = (
				E8E92B39248F5C9000DD7DBB /* TapSeparatorView.swift */,
			);
			path = TapSeparatorView;
			sourceTree = "<group>";
		};
		E8E92B3D248F708700DD7DBB /* TapSeparatorView */ = {
			isa = PBXGroup;
			children = (
				E8E92B3E248F70AA00DD7DBB /* TapSeparatorViewController.swift */,
			);
			path = TapSeparatorView;
			sourceTree = "<group>";
		};
		E8E92B40248F7AAE00DD7DBB /* TapDragHandlerView */ = {
			isa = PBXGroup;
			children = (
				E8E92B41248F7AC200DD7DBB /* TapDragHandlerView.swift */,
			);
			path = TapDragHandlerView;
			sourceTree = "<group>";
		};
		E8E92B47248F976300DD7DBB /* TapHandlerView */ = {
			isa = PBXGroup;
			children = (
				E8E92B48248F977A00DD7DBB /* TapDragHandlerViewController.swift */,
			);
			path = TapHandlerView;
			sourceTree = "<group>";
		};
		E8E92B4A248FA4BE00DD7DBB /* TapMerchantHeaderView */ = {
			isa = PBXGroup;
			children = (
				E8E92B50248FA9AC00DD7DBB /* ViewModels */,
				E8E92B4F248FA9A100DD7DBB /* Views */,
			);
			path = TapMerchantHeaderView;
			sourceTree = "<group>";
		};
		E8E92B4F248FA9A100DD7DBB /* Views */ = {
			isa = PBXGroup;
			children = (
				E8E92B4B248FA4DF00DD7DBB /* TapMerchantHeaderView.swift */,
			);
			path = Views;
			sourceTree = "<group>";
		};
		E8E92B50248FA9AC00DD7DBB /* ViewModels */ = {
			isa = PBXGroup;
			children = (
				E8E92B51248FA9BE00DD7DBB /* TapMerchantHeaderViewModel.swift */,
			);
			path = ViewModels;
			sourceTree = "<group>";
		};
		E8F779A9248CD60400215403 /* TapVerticalViewController */ = {
			isa = PBXGroup;
			children = (
				E8F779AE248CD7C600215403 /* TapVerticalView.swift */,
			);
			path = TapVerticalViewController;
			sourceTree = "<group>";
		};
/* End PBXGroup section */

/* Begin PBXHeadersBuildPhase section */
		E8428DDD2456DAF300D5A45A /* Headers */ = {
			isa = PBXHeadersBuildPhase;
			buildActionMask = 2147483647;
			files = (
				E8428DE72456DAF300D5A45A /* TapUIKit_iOS.h in Headers */,
			);
			runOnlyForDeploymentPostprocessing = 0;
		};
/* End PBXHeadersBuildPhase section */

/* Begin PBXNativeTarget section */
		E8428DE12456DAF300D5A45A /* TapUIKit-iOS */ = {
			isa = PBXNativeTarget;
			buildConfigurationList = E8428DEA2456DAF300D5A45A /* Build configuration list for PBXNativeTarget "TapUIKit-iOS" */;
			buildPhases = (
				2F899D75F54D583E25413091 /* [CP] Check Pods Manifest.lock */,
				E8428DDD2456DAF300D5A45A /* Headers */,
				E8428DDE2456DAF300D5A45A /* Sources */,
				E8428DDF2456DAF300D5A45A /* Frameworks */,
				E8428DE02456DAF300D5A45A /* Resources */,
				E8428E23245820EF00D5A45A /* Embed Frameworks */,
			);
			buildRules = (
			);
			dependencies = (
			);
			name = "TapUIKit-iOS";
			productName = "TapUIKit-iOS";
			productReference = E8428DE22456DAF300D5A45A /* TapUIKit_iOS.framework */;
			productType = "com.apple.product-type.framework";
		};
		E8428DF02456DB3200D5A45A /* TapUIKit-Example */ = {
			isa = PBXNativeTarget;
			buildConfigurationList = E8428E022456DB3200D5A45A /* Build configuration list for PBXNativeTarget "TapUIKit-Example" */;
			buildPhases = (
				DD4442245E477D854EE9F603 /* [CP] Check Pods Manifest.lock */,
				E8428DED2456DB3200D5A45A /* Sources */,
				E8428DEE2456DB3200D5A45A /* Frameworks */,
				E8428DEF2456DB3200D5A45A /* Resources */,
				E8428E202458209400D5A45A /* Embed Frameworks */,
				17815313BA80ED437D9FB0D1 /* [CP] Embed Pods Frameworks */,
			);
			buildRules = (
			);
			dependencies = (
				E8428E1F2458209400D5A45A /* PBXTargetDependency */,
			);
			name = "TapUIKit-Example";
			productName = "TapUIKit-Example";
			productReference = E8428DF12456DB3200D5A45A /* TapUIKit-Example.app */;
			productType = "com.apple.product-type.application";
		};
/* End PBXNativeTarget section */

/* Begin PBXProject section */
		E8428DD92456DAF300D5A45A /* Project object */ = {
			isa = PBXProject;
			attributes = {
				LastSwiftUpdateCheck = 1120;
				LastUpgradeCheck = 1150;
				ORGANIZATIONNAME = "Tap Payments";
				TargetAttributes = {
					E8428DE12456DAF300D5A45A = {
						CreatedOnToolsVersion = 11.2.1;
						LastSwiftMigration = 1120;
					};
					E8428DF02456DB3200D5A45A = {
						CreatedOnToolsVersion = 11.2.1;
					};
				};
			};
			buildConfigurationList = E8428DDC2456DAF300D5A45A /* Build configuration list for PBXProject "TapUIKit-iOS" */;
			compatibilityVersion = "Xcode 9.3";
			developmentRegion = en;
			hasScannedForEncodings = 0;
			knownRegions = (
				en,
				Base,
			);
			mainGroup = E8428DD82456DAF300D5A45A;
			productRefGroup = E8428DE32456DAF300D5A45A /* Products */;
			projectDirPath = "";
			projectRoot = "";
			targets = (
				E8428DE12456DAF300D5A45A /* TapUIKit-iOS */,
				E8428DF02456DB3200D5A45A /* TapUIKit-Example */,
			);
		};
/* End PBXProject section */

/* Begin PBXResourcesBuildPhase section */
		E8428DE02456DAF300D5A45A /* Resources */ = {
			isa = PBXResourcesBuildPhase;
			buildActionMask = 2147483647;
			files = (
				E8428E152457FDFC00D5A45A /* DefaultLightTheme.json in Resources */,
				E8CD428B249610240013AEE7 /* GatewayImageCollectionViewCell.xib in Resources */,
				E8CD42862495F91B0013AEE7 /* TapChipHorizontalList.xib in Resources */,
				E8670CC52498B001003F87D8 /* tap.png in Resources */,
				E82A56B32499ED7A00E3F00D /* SavedCardCollectionViewCell.xib in Resources */,
				E82A56C8249B8A2100E3F00D /* CurrencyChipCollectionViewCell.xib in Resources */,
				E8428E142457FDFC00D5A45A /* DefaultDarkTheme.json in Resources */,
				E8E92B44248F7ACA00DD7DBB /* TapDragHandlerView.xib in Resources */,
				E8670CC12498AFCB003F87D8 /* goPayIcon.pdf in Resources */,
				E8E92B3C248F5C9700DD7DBB /* TapSeparatorView.xib in Resources */,
				E82A56BB249A401400E3F00D /* TapHorizontalHeaderView.xib in Resources */,
				E897499524B47B4100399C4B /* TapCardTelecomPaymentView.xib in Resources */,
				E80E8AB224892531009AF18F /* TapPullUpWrapperViewController.xib in Resources */,
				E8E69996249F6446007A32FA /* TapGenericTableCell.xib in Resources */,
				E8670CC72498B001003F87D8 /* tap@3x.png in Resources */,
				E8E92B4E248FA4E900DD7DBB /* TapMerchantHeaderView.xib in Resources */,
				E8AE0DF6245B0160007AAE1F /* TapRecentCardCollectionViewCell.xib in Resources */,
				E8C59101249293EA00E03424 /* TapAmountSectionView.xib in Resources */,
				E8AE0DF2245AFED3007AAE1F /* TapGoPayCollectionViewCell.xib in Resources */,
				E82A56C0249B295A00E3F00D /* ApplePayChipCollectionViewCell.xib in Resources */,
				E8F779B1248CD7D300215403 /* TapVerticalView.xib in Resources */,
				E8AE0E00245B620F007AAE1F /* separator.png in Resources */,
				E8861D37249F6CCE0002FEDE /* TapGenericTableView.xib in Resources */,
				E835ADC22459815D00E55A68 /* tapLogo.png in Resources */,
				E8AE0DFC245B1073007AAE1F /* TapSeparatorCollectionViewCell.xib in Resources */,
				E8670CBD24988FAF003F87D8 /* TapGoPayChipCollectionViewCell.xib in Resources */,
				E8E69949249F49BE007A32FA /* ItemTableViewCell.xib in Resources */,
				E87E09E824A8BE74004A7A46 /* Assets.xcassets in Resources */,
				E87E09E224A878C6004A7A46 /* TapCardPhoneIconView.xib in Resources */,
				E8A57AA524A9B28900C1B6CD /* TapCardPhoneBarList.xib in Resources */,
				E8670CC62498B001003F87D8 /* tap@2x.png in Resources */,
			);
			runOnlyForDeploymentPostprocessing = 0;
		};
		E8428DEF2456DB3200D5A45A /* Resources */ = {
			isa = PBXResourcesBuildPhase;
			buildActionMask = 2147483647;
			files = (
				E8428E002456DB3200D5A45A /* LaunchScreen.storyboard in Resources */,
				E835ADB4245850E700E55A68 /* GoogleService-Info.plist in Resources */,
				E8428DFD2456DB3200D5A45A /* Assets.xcassets in Resources */,
				E8428DFB2456DB3200D5A45A /* Main.storyboard in Resources */,
			);
			runOnlyForDeploymentPostprocessing = 0;
		};
/* End PBXResourcesBuildPhase section */

/* Begin PBXShellScriptBuildPhase section */
		17815313BA80ED437D9FB0D1 /* [CP] Embed Pods Frameworks */ = {
			isa = PBXShellScriptBuildPhase;
			buildActionMask = 2147483647;
			files = (
			);
			inputFileListPaths = (
				"${PODS_ROOT}/Target Support Files/Pods-TapUIKit-Example/Pods-TapUIKit-Example-frameworks-${CONFIGURATION}-input-files.xcfilelist",
			);
			name = "[CP] Embed Pods Frameworks";
			outputFileListPaths = (
				"${PODS_ROOT}/Target Support Files/Pods-TapUIKit-Example/Pods-TapUIKit-Example-frameworks-${CONFIGURATION}-output-files.xcfilelist",
			);
			runOnlyForDeploymentPostprocessing = 0;
			shellPath = /bin/sh;
			shellScript = "\"${PODS_ROOT}/Target Support Files/Pods-TapUIKit-Example/Pods-TapUIKit-Example-frameworks.sh\"\n";
			showEnvVarsInLog = 0;
		};
		2F899D75F54D583E25413091 /* [CP] Check Pods Manifest.lock */ = {
			isa = PBXShellScriptBuildPhase;
			buildActionMask = 2147483647;
			files = (
			);
			inputFileListPaths = (
			);
			inputPaths = (
				"${PODS_PODFILE_DIR_PATH}/Podfile.lock",
				"${PODS_ROOT}/Manifest.lock",
			);
			name = "[CP] Check Pods Manifest.lock";
			outputFileListPaths = (
			);
			outputPaths = (
				"$(DERIVED_FILE_DIR)/Pods-TapUIKit-iOS-checkManifestLockResult.txt",
			);
			runOnlyForDeploymentPostprocessing = 0;
			shellPath = /bin/sh;
			shellScript = "diff \"${PODS_PODFILE_DIR_PATH}/Podfile.lock\" \"${PODS_ROOT}/Manifest.lock\" > /dev/null\nif [ $? != 0 ] ; then\n    # print error to STDERR\n    echo \"error: The sandbox is not in sync with the Podfile.lock. Run 'pod install' or update your CocoaPods installation.\" >&2\n    exit 1\nfi\n# This output is used by Xcode 'outputs' to avoid re-running this script phase.\necho \"SUCCESS\" > \"${SCRIPT_OUTPUT_FILE_0}\"\n";
			showEnvVarsInLog = 0;
		};
		DD4442245E477D854EE9F603 /* [CP] Check Pods Manifest.lock */ = {
			isa = PBXShellScriptBuildPhase;
			buildActionMask = 2147483647;
			files = (
			);
			inputFileListPaths = (
			);
			inputPaths = (
				"${PODS_PODFILE_DIR_PATH}/Podfile.lock",
				"${PODS_ROOT}/Manifest.lock",
			);
			name = "[CP] Check Pods Manifest.lock";
			outputFileListPaths = (
			);
			outputPaths = (
				"$(DERIVED_FILE_DIR)/Pods-TapUIKit-Example-checkManifestLockResult.txt",
			);
			runOnlyForDeploymentPostprocessing = 0;
			shellPath = /bin/sh;
			shellScript = "diff \"${PODS_PODFILE_DIR_PATH}/Podfile.lock\" \"${PODS_ROOT}/Manifest.lock\" > /dev/null\nif [ $? != 0 ] ; then\n    # print error to STDERR\n    echo \"error: The sandbox is not in sync with the Podfile.lock. Run 'pod install' or update your CocoaPods installation.\" >&2\n    exit 1\nfi\n# This output is used by Xcode 'outputs' to avoid re-running this script phase.\necho \"SUCCESS\" > \"${SCRIPT_OUTPUT_FILE_0}\"\n";
			showEnvVarsInLog = 0;
		};
/* End PBXShellScriptBuildPhase section */

/* Begin PBXSourcesBuildPhase section */
		E8428DDE2456DAF300D5A45A /* Sources */ = {
			isa = PBXSourcesBuildPhase;
			buildActionMask = 2147483647;
			files = (
				E80EA5932497509A00C5C5E1 /* TapChipHorizontalListViewModel.swift in Sources */,
				E8861D39249F74C20002FEDE /* TapGenericTableViewModel.swift in Sources */,
				E82A56CA249B8A3C00E3F00D /* CurrencyChipViewModel.swift in Sources */,
				E80E8AA52487C053009AF18F /* Constants.swift in Sources */,
				E8F779AF248CD7C600215403 /* TapVerticalView.swift in Sources */,
				E8E92B52248FA9BE00DD7DBB /* TapMerchantHeaderViewModel.swift in Sources */,
				E8C590FF249293E200E03424 /* TapAmountSectionView.swift in Sources */,
				E8E92B3A248F5C9000DD7DBB /* TapSeparatorView.swift in Sources */,
				E80E8AA32487B6EB009AF18F /* TapBottomSheetDialogViewController.swift in Sources */,
				E87E09E024A878BC004A7A46 /* TapCardPhoneIconView.swift in Sources */,
				E8A57AA324A9B27E00C1B6CD /* TapCardPhoneBarList.swift in Sources */,
				E82A56BF249B295A00E3F00D /* ApplePayChipCollectionViewCell.swift in Sources */,
				E8E92B42248F7AC200DD7DBB /* TapDragHandlerView.swift in Sources */,
				E8CD428A249610240013AEE7 /* GatewayImageCollectionViewCell.swift in Sources */,
				E82A56C2249B2B3800E3F00D /* ApplePayChipViewCellModel.swift in Sources */,
				E8E69995249F6446007A32FA /* TapGenericTableCell.swift in Sources */,
				E8CD42842495F9130013AEE7 /* TapChipHorizontalList.swift in Sources */,
				E87E09E424A8840E004A7A46 /* TapCardPhoneIconViewModel.swift in Sources */,
				E8CD428D24961B050013AEE7 /* GenericTapChip.swift in Sources */,
				E897499324B47B2900399C4B /* TapCardTelecomPaymentView.swift in Sources */,
				E82A56B52499EDA800E3F00D /* SavedCardCollectionViewCellModel.swift in Sources */,
				E8428E102457F8D900D5A45A /* TapUIExtensions.swift in Sources */,
				E82A56B22499ED7A00E3F00D /* SavedCardCollectionViewCell.swift in Sources */,
				E82A56C7249B8A2100E3F00D /* CurrencyChipCollectionViewCell.swift in Sources */,
				E8E92B4C248FA4DF00DD7DBB /* TapMerchantHeaderView.swift in Sources */,
				E809F65F24961F2700670A39 /* GatewayChipViewModel.swift in Sources */,
				E8A57AA724A9C16500C1B6CD /* TapCardPhoneBarListViewModel.swift in Sources */,
				E8E69944249F3F4A007A32FA /* ItemModel.swift in Sources */,
				E87E09EA24A8C3BE004A7A46 /* TapBlackWhiteImage.swift in Sources */,
				E8670CBF2498A678003F87D8 /* TapGoPayViewModel.swift in Sources */,
				E8E69945249F3F4A007A32FA /* DiscountModel.swift in Sources */,
				E82A56B8249A3FF400E3F00D /* TapGatewyHorizontalHeaderView.swift in Sources */,
				E8861D35249F6CC30002FEDE /* TapGenericTableView.swift in Sources */,
				E809F6612496223B00670A39 /* GenericTapChipViewModel.swift in Sources */,
				E8C590FB24922AF600E03424 /* TapAmountSectionViewModel.swift in Sources */,
				E8861D3B249F75D60002FEDE /* ItemCellViewModel.swift in Sources */,
				E80E8AAA2487CF8D009AF18F /* TapPresentableViewController.swift in Sources */,
				E8670CBC24988FAF003F87D8 /* TapGoPayChipCollectionViewCell.swift in Sources */,
				E8E69948249F49BE007A32FA /* ItemTableViewCell.swift in Sources */,
				E8E69998249F645A007A32FA /* TapGenericTableCellViewModel.swift in Sources */,
			);
			runOnlyForDeploymentPostprocessing = 0;
		};
		E8428DED2456DB3200D5A45A /* Sources */ = {
			isa = PBXSourcesBuildPhase;
			buildActionMask = 2147483647;
			files = (
				E8428DF82456DB3200D5A45A /* ViewController.swift in Sources */,
				E8861D40249FA8C20002FEDE /* ItemCellViewController.swift in Sources */,
				E8E92B49248F977A00DD7DBB /* TapDragHandlerViewController.swift in Sources */,
				E8E92B3F248F70AA00DD7DBB /* TapSeparatorViewController.swift in Sources */,
				E80E8AAC2487D1BD009AF18F /* ToPresentAsPopupViewController.swift in Sources */,
				E8428DF42456DB3200D5A45A /* AppDelegate.swift in Sources */,
				E80E8AA82487C252009AF18F /* TapBottomSheetExampleViewController.swift in Sources */,
				E8C590932490A27000E03424 /* ExampleWallOfGloryViewController.swift in Sources */,
				E8428DF62456DB3200D5A45A /* SceneDelegate.swift in Sources */,
				E87E09E724A89D9E004A7A46 /* TapCardPhoneIconViewController.swift in Sources */,
				E80EA58F24974B4900C5C5E1 /* ChipsTestingViewController.swift in Sources */,
				E832E63B24B3320800E2241B /* TapCardInputViewController.swift in Sources */,
				E8C5910424936C6E00E03424 /* TapAmountSectionViewController.swift in Sources */,
				E87CEA48248FBFBC002F2332 /* TapMerchantHeaderViewController.swift in Sources */,
				E8A57AA924A9CCE200C1B6CD /* TapCardPhoneBarListViewController.swift in Sources */,
			);
			runOnlyForDeploymentPostprocessing = 0;
		};
/* End PBXSourcesBuildPhase section */

/* Begin PBXTargetDependency section */
		E8428E1F2458209400D5A45A /* PBXTargetDependency */ = {
			isa = PBXTargetDependency;
			target = E8428DE12456DAF300D5A45A /* TapUIKit-iOS */;
			targetProxy = E8428E1E2458209400D5A45A /* PBXContainerItemProxy */;
		};
/* End PBXTargetDependency section */

/* Begin PBXVariantGroup section */
		E8428DF92456DB3200D5A45A /* Main.storyboard */ = {
			isa = PBXVariantGroup;
			children = (
				E8428DFA2456DB3200D5A45A /* Base */,
			);
			name = Main.storyboard;
			sourceTree = "<group>";
		};
		E8428DFE2456DB3200D5A45A /* LaunchScreen.storyboard */ = {
			isa = PBXVariantGroup;
			children = (
				E8428DFF2456DB3200D5A45A /* Base */,
			);
			name = LaunchScreen.storyboard;
			sourceTree = "<group>";
		};
/* End PBXVariantGroup section */

/* Begin XCBuildConfiguration section */
		E8428DE82456DAF300D5A45A /* Debug */ = {
			isa = XCBuildConfiguration;
			buildSettings = {
				ALWAYS_SEARCH_USER_PATHS = NO;
				CLANG_ANALYZER_NONNULL = YES;
				CLANG_ANALYZER_NUMBER_OBJECT_CONVERSION = YES_AGGRESSIVE;
				CLANG_CXX_LANGUAGE_STANDARD = "gnu++14";
				CLANG_CXX_LIBRARY = "libc++";
				CLANG_ENABLE_MODULES = YES;
				CLANG_ENABLE_OBJC_ARC = YES;
				CLANG_ENABLE_OBJC_WEAK = YES;
				CLANG_WARN_BLOCK_CAPTURE_AUTORELEASING = YES;
				CLANG_WARN_BOOL_CONVERSION = YES;
				CLANG_WARN_COMMA = YES;
				CLANG_WARN_CONSTANT_CONVERSION = YES;
				CLANG_WARN_DEPRECATED_OBJC_IMPLEMENTATIONS = YES;
				CLANG_WARN_DIRECT_OBJC_ISA_USAGE = YES_ERROR;
				CLANG_WARN_DOCUMENTATION_COMMENTS = YES;
				CLANG_WARN_EMPTY_BODY = YES;
				CLANG_WARN_ENUM_CONVERSION = YES;
				CLANG_WARN_INFINITE_RECURSION = YES;
				CLANG_WARN_INT_CONVERSION = YES;
				CLANG_WARN_NON_LITERAL_NULL_CONVERSION = YES;
				CLANG_WARN_OBJC_IMPLICIT_RETAIN_SELF = YES;
				CLANG_WARN_OBJC_LITERAL_CONVERSION = YES;
				CLANG_WARN_OBJC_ROOT_CLASS = YES_ERROR;
				CLANG_WARN_RANGE_LOOP_ANALYSIS = YES;
				CLANG_WARN_STRICT_PROTOTYPES = YES;
				CLANG_WARN_SUSPICIOUS_MOVE = YES;
				CLANG_WARN_UNGUARDED_AVAILABILITY = YES_AGGRESSIVE;
				CLANG_WARN_UNREACHABLE_CODE = YES;
				CLANG_WARN__DUPLICATE_METHOD_MATCH = YES;
				COPY_PHASE_STRIP = NO;
				CURRENT_PROJECT_VERSION = 1;
				DEBUG_INFORMATION_FORMAT = dwarf;
				ENABLE_STRICT_OBJC_MSGSEND = YES;
				ENABLE_TESTABILITY = YES;
				GCC_C_LANGUAGE_STANDARD = gnu11;
				GCC_DYNAMIC_NO_PIC = NO;
				GCC_NO_COMMON_BLOCKS = YES;
				GCC_OPTIMIZATION_LEVEL = 0;
				GCC_PREPROCESSOR_DEFINITIONS = (
					"DEBUG=1",
					"$(inherited)",
				);
				GCC_WARN_64_TO_32_BIT_CONVERSION = YES;
				GCC_WARN_ABOUT_RETURN_TYPE = YES_ERROR;
				GCC_WARN_UNDECLARED_SELECTOR = YES;
				GCC_WARN_UNINITIALIZED_AUTOS = YES_AGGRESSIVE;
				GCC_WARN_UNUSED_FUNCTION = YES;
				GCC_WARN_UNUSED_VARIABLE = YES;
				IPHONEOS_DEPLOYMENT_TARGET = 12.0;
				MTL_ENABLE_DEBUG_INFO = INCLUDE_SOURCE;
				MTL_FAST_MATH = YES;
				ONLY_ACTIVE_ARCH = YES;
				SDKROOT = iphoneos;
				SWIFT_ACTIVE_COMPILATION_CONDITIONS = DEBUG;
				SWIFT_OPTIMIZATION_LEVEL = "-Onone";
				VERSIONING_SYSTEM = "apple-generic";
				VERSION_INFO_PREFIX = "";
			};
			name = Debug;
		};
		E8428DE92456DAF300D5A45A /* Release */ = {
			isa = XCBuildConfiguration;
			buildSettings = {
				ALWAYS_SEARCH_USER_PATHS = NO;
				CLANG_ANALYZER_NONNULL = YES;
				CLANG_ANALYZER_NUMBER_OBJECT_CONVERSION = YES_AGGRESSIVE;
				CLANG_CXX_LANGUAGE_STANDARD = "gnu++14";
				CLANG_CXX_LIBRARY = "libc++";
				CLANG_ENABLE_MODULES = YES;
				CLANG_ENABLE_OBJC_ARC = YES;
				CLANG_ENABLE_OBJC_WEAK = YES;
				CLANG_WARN_BLOCK_CAPTURE_AUTORELEASING = YES;
				CLANG_WARN_BOOL_CONVERSION = YES;
				CLANG_WARN_COMMA = YES;
				CLANG_WARN_CONSTANT_CONVERSION = YES;
				CLANG_WARN_DEPRECATED_OBJC_IMPLEMENTATIONS = YES;
				CLANG_WARN_DIRECT_OBJC_ISA_USAGE = YES_ERROR;
				CLANG_WARN_DOCUMENTATION_COMMENTS = YES;
				CLANG_WARN_EMPTY_BODY = YES;
				CLANG_WARN_ENUM_CONVERSION = YES;
				CLANG_WARN_INFINITE_RECURSION = YES;
				CLANG_WARN_INT_CONVERSION = YES;
				CLANG_WARN_NON_LITERAL_NULL_CONVERSION = YES;
				CLANG_WARN_OBJC_IMPLICIT_RETAIN_SELF = YES;
				CLANG_WARN_OBJC_LITERAL_CONVERSION = YES;
				CLANG_WARN_OBJC_ROOT_CLASS = YES_ERROR;
				CLANG_WARN_RANGE_LOOP_ANALYSIS = YES;
				CLANG_WARN_STRICT_PROTOTYPES = YES;
				CLANG_WARN_SUSPICIOUS_MOVE = YES;
				CLANG_WARN_UNGUARDED_AVAILABILITY = YES_AGGRESSIVE;
				CLANG_WARN_UNREACHABLE_CODE = YES;
				CLANG_WARN__DUPLICATE_METHOD_MATCH = YES;
				COPY_PHASE_STRIP = NO;
				CURRENT_PROJECT_VERSION = 1;
				DEBUG_INFORMATION_FORMAT = "dwarf-with-dsym";
				ENABLE_NS_ASSERTIONS = NO;
				ENABLE_STRICT_OBJC_MSGSEND = YES;
				GCC_C_LANGUAGE_STANDARD = gnu11;
				GCC_NO_COMMON_BLOCKS = YES;
				GCC_WARN_64_TO_32_BIT_CONVERSION = YES;
				GCC_WARN_ABOUT_RETURN_TYPE = YES_ERROR;
				GCC_WARN_UNDECLARED_SELECTOR = YES;
				GCC_WARN_UNINITIALIZED_AUTOS = YES_AGGRESSIVE;
				GCC_WARN_UNUSED_FUNCTION = YES;
				GCC_WARN_UNUSED_VARIABLE = YES;
				IPHONEOS_DEPLOYMENT_TARGET = 12.0;
				MTL_ENABLE_DEBUG_INFO = NO;
				MTL_FAST_MATH = YES;
				SDKROOT = iphoneos;
				SWIFT_COMPILATION_MODE = wholemodule;
				SWIFT_OPTIMIZATION_LEVEL = "-O";
				VALIDATE_PRODUCT = YES;
				VERSIONING_SYSTEM = "apple-generic";
				VERSION_INFO_PREFIX = "";
			};
			name = Release;
		};
		E8428DEB2456DAF300D5A45A /* Debug */ = {
			isa = XCBuildConfiguration;
			baseConfigurationReference = 6F53A5AEE68D2884AE702993 /* Pods-TapUIKit-iOS.debug.xcconfig */;
			buildSettings = {
				CLANG_ENABLE_MODULES = YES;
				CODE_SIGN_STYLE = Automatic;
				DEFINES_MODULE = YES;
				DEVELOPMENT_TEAM = G46S76PUH4;
				DYLIB_COMPATIBILITY_VERSION = 1;
				DYLIB_CURRENT_VERSION = 1;
				DYLIB_INSTALL_NAME_BASE = "@rpath";
				INFOPLIST_FILE = "TapUIKit-iOS/Info.plist";
				INSTALL_PATH = "$(LOCAL_LIBRARY_DIR)/Frameworks";
				IPHONEOS_DEPLOYMENT_TARGET = 12.0;
				LD_RUNPATH_SEARCH_PATHS = (
					"$(inherited)",
					"@executable_path/Frameworks",
					"@loader_path/Frameworks",
				);
				PRODUCT_BUNDLE_IDENTIFIER = "company.tap.TapUIKit-iOS";
				PRODUCT_NAME = "$(TARGET_NAME:c99extidentifier)";
				SKIP_INSTALL = YES;
				SUPPORTS_MACCATALYST = NO;
				SWIFT_OPTIMIZATION_LEVEL = "-Onone";
				SWIFT_VERSION = 5.0;
				TARGETED_DEVICE_FAMILY = 1;
			};
			name = Debug;
		};
		E8428DEC2456DAF300D5A45A /* Release */ = {
			isa = XCBuildConfiguration;
			baseConfigurationReference = DF4C0BAE4F2FB5B88BFD1BD6 /* Pods-TapUIKit-iOS.release.xcconfig */;
			buildSettings = {
				CLANG_ENABLE_MODULES = YES;
				CODE_SIGN_STYLE = Automatic;
				DEFINES_MODULE = YES;
				DEVELOPMENT_TEAM = G46S76PUH4;
				DYLIB_COMPATIBILITY_VERSION = 1;
				DYLIB_CURRENT_VERSION = 1;
				DYLIB_INSTALL_NAME_BASE = "@rpath";
				INFOPLIST_FILE = "TapUIKit-iOS/Info.plist";
				INSTALL_PATH = "$(LOCAL_LIBRARY_DIR)/Frameworks";
				IPHONEOS_DEPLOYMENT_TARGET = 12.0;
				LD_RUNPATH_SEARCH_PATHS = (
					"$(inherited)",
					"@executable_path/Frameworks",
					"@loader_path/Frameworks",
				);
				PRODUCT_BUNDLE_IDENTIFIER = "company.tap.TapUIKit-iOS";
				PRODUCT_NAME = "$(TARGET_NAME:c99extidentifier)";
				SKIP_INSTALL = YES;
				SUPPORTS_MACCATALYST = NO;
				SWIFT_VERSION = 5.0;
				TARGETED_DEVICE_FAMILY = 1;
			};
			name = Release;
		};
		E8428E032456DB3200D5A45A /* Debug */ = {
			isa = XCBuildConfiguration;
			baseConfigurationReference = DC9E6344249A1CA65DA9FC2F /* Pods-TapUIKit-Example.debug.xcconfig */;
			buildSettings = {
				ASSETCATALOG_COMPILER_APPICON_NAME = AppIcon;
				CODE_SIGN_ENTITLEMENTS = "TapUIKit-Example/TapUIKit-Example.entitlements";
				CODE_SIGN_STYLE = Automatic;
				CURRENT_PROJECT_VERSION = 17;
				DEVELOPMENT_TEAM = G46S76PUH4;
				INFOPLIST_FILE = "TapUIKit-Example/Info.plist";
				IPHONEOS_DEPLOYMENT_TARGET = 12.0;
				LD_RUNPATH_SEARCH_PATHS = (
					"$(inherited)",
					"@executable_path/Frameworks",
				);
				PRODUCT_BUNDLE_IDENTIFIER = "company.tap.TapUIKit-Example";
				PRODUCT_NAME = "$(TARGET_NAME)";
				SWIFT_VERSION = 5.0;
				TARGETED_DEVICE_FAMILY = 1;
			};
			name = Debug;
		};
		E8428E042456DB3200D5A45A /* Release */ = {
			isa = XCBuildConfiguration;
			baseConfigurationReference = F994CF54E35C96648139E52F /* Pods-TapUIKit-Example.release.xcconfig */;
			buildSettings = {
				ASSETCATALOG_COMPILER_APPICON_NAME = AppIcon;
				CODE_SIGN_ENTITLEMENTS = "TapUIKit-Example/TapUIKit-Example.entitlements";
				CODE_SIGN_STYLE = Automatic;
				CURRENT_PROJECT_VERSION = 17;
				DEVELOPMENT_TEAM = G46S76PUH4;
				INFOPLIST_FILE = "TapUIKit-Example/Info.plist";
				IPHONEOS_DEPLOYMENT_TARGET = 12.0;
				LD_RUNPATH_SEARCH_PATHS = (
					"$(inherited)",
					"@executable_path/Frameworks",
				);
				PRODUCT_BUNDLE_IDENTIFIER = "company.tap.TapUIKit-Example";
				PRODUCT_NAME = "$(TARGET_NAME)";
				SWIFT_VERSION = 5.0;
				TARGETED_DEVICE_FAMILY = 1;
			};
			name = Release;
		};
/* End XCBuildConfiguration section */

/* Begin XCConfigurationList section */
		E8428DDC2456DAF300D5A45A /* Build configuration list for PBXProject "TapUIKit-iOS" */ = {
			isa = XCConfigurationList;
			buildConfigurations = (
				E8428DE82456DAF300D5A45A /* Debug */,
				E8428DE92456DAF300D5A45A /* Release */,
			);
			defaultConfigurationIsVisible = 0;
			defaultConfigurationName = Release;
		};
		E8428DEA2456DAF300D5A45A /* Build configuration list for PBXNativeTarget "TapUIKit-iOS" */ = {
			isa = XCConfigurationList;
			buildConfigurations = (
				E8428DEB2456DAF300D5A45A /* Debug */,
				E8428DEC2456DAF300D5A45A /* Release */,
			);
			defaultConfigurationIsVisible = 0;
			defaultConfigurationName = Release;
		};
		E8428E022456DB3200D5A45A /* Build configuration list for PBXNativeTarget "TapUIKit-Example" */ = {
			isa = XCConfigurationList;
			buildConfigurations = (
				E8428E032456DB3200D5A45A /* Debug */,
				E8428E042456DB3200D5A45A /* Release */,
			);
			defaultConfigurationIsVisible = 0;
			defaultConfigurationName = Release;
		};
/* End XCConfigurationList section */
	};
	rootObject = E8428DD92456DAF300D5A45A /* Project object */;
}
